{
  "version": 4,
  "terraform_version": "1.0.5",
  "serial": 174,
  "lineage": "75e64998-22f9-3562-c9e7-6889a2545bf9",
  "outputs": {},
  "resources": [
    {
      "mode": "data",
      "type": "aws_availability_zones",
      "name": "az",
      "provider": "provider[\"registry.terraform.io/hashicorp/aws\"]",
      "instances": [
        {
          "schema_version": 0,
          "attributes": {
            "all_availability_zones": null,
            "exclude_names": null,
            "exclude_zone_ids": null,
            "filter": null,
            "group_names": [
              "us-west-2"
            ],
            "id": "us-west-2",
            "names": [
              "us-west-2a",
              "us-west-2b",
              "us-west-2c",
              "us-west-2d"
            ],
            "state": null,
            "zone_ids": [
              "usw2-az1",
              "usw2-az2",
              "usw2-az3",
              "usw2-az4"
            ]
          },
          "sensitive_attributes": []
        }
      ]
    },
    {
      "mode": "data",
      "type": "aws_caller_identity",
      "name": "current",
      "provider": "provider[\"registry.terraform.io/hashicorp/aws\"]",
      "instances": [
        {
          "schema_version": 0,
          "attributes": {
            "account_id": "844591813532",
            "arn": "arn:aws:iam::844591813532:root",
            "id": "844591813532",
            "user_id": "844591813532"
          },
          "sensitive_attributes": []
        }
      ]
    },
    {
      "mode": "data",
      "type": "aws_iam_policy_document",
      "name": "assume-role-policy",
      "provider": "provider[\"registry.terraform.io/hashicorp/aws\"]",
      "instances": [
        {
          "schema_version": 0,
          "attributes": {
            "id": "320642683",
            "json": "{\n  \"Version\": \"2012-10-17\",\n  \"Statement\": [\n    {\n      \"Sid\": \"\",\n      \"Effect\": \"Allow\",\n      \"Action\": \"sts:AssumeRole\",\n      \"Principal\": {\n        \"Service\": \"ecs-tasks.amazonaws.com\"\n      }\n    }\n  ]\n}",
            "override_json": null,
            "override_policy_documents": null,
            "policy_id": null,
            "source_json": null,
            "source_policy_documents": null,
            "statement": [
              {
                "actions": [
                  "sts:AssumeRole"
                ],
                "condition": [],
                "effect": "Allow",
                "not_actions": [],
                "not_principals": [],
                "not_resources": [],
                "principals": [
                  {
                    "identifiers": [
                      "ecs-tasks.amazonaws.com"
                    ],
                    "type": "Service"
                  }
                ],
                "resources": [],
                "sid": ""
              }
            ],
            "version": "2012-10-17"
          },
          "sensitive_attributes": []
        }
      ]
    },
    {
      "mode": "data",
      "type": "aws_route53_zone",
      "name": "ashirt",
      "provider": "provider[\"registry.terraform.io/hashicorp/aws\"]",
      "instances": [
        {
          "schema_version": 0,
          "attributes": {
            "arn": "arn:aws:route53:::hostedzone/Z08216012IGUI3X4YIW95",
            "caller_reference": "RISWorkflow-RD:e164fdbc-1901-4fae-898b-fbd9085c20f9",
            "comment": "HostedZone created by Route53 Registrar",
            "id": "Z08216012IGUI3X4YIW95",
            "linked_service_description": null,
            "linked_service_principal": null,
            "name": "rapidhax.com",
            "name_servers": [
              "ns-1960.awsdns-53.co.uk",
              "ns-279.awsdns-34.com",
              "ns-1298.awsdns-34.org",
              "ns-936.awsdns-53.net"
            ],
            "private_zone": false,
            "resource_record_set_count": 5,
            "tags": {},
            "vpc_id": null,
            "zone_id": "Z08216012IGUI3X4YIW95"
          },
          "sensitive_attributes": []
        }
      ]
    },
    {
      "mode": "managed",
      "type": "aws_acm_certificate",
      "name": "ashirt",
      "provider": "provider[\"registry.terraform.io/hashicorp/aws\"]",
      "instances": [
        {
          "schema_version": 0,
          "attributes": {
            "arn": "arn:aws:acm:us-west-2:844591813532:certificate/f2846bdc-0708-418a-9ba6-e59f14a1f4fb",
            "certificate_authority_arn": "",
            "certificate_body": null,
            "certificate_chain": null,
            "domain_name": "*.rapidhax.com",
            "domain_validation_options": [
              {
                "domain_name": "*.rapidhax.com",
                "resource_record_name": "_0d98d8330593f7fad9ae6c9e70331f69.rapidhax.com.",
                "resource_record_type": "CNAME",
                "resource_record_value": "_4c46c0473cae54e6b051c7d4cc4240d8.lkwmzfhcjn.acm-validations.aws."
              }
            ],
            "id": "arn:aws:acm:us-west-2:844591813532:certificate/f2846bdc-0708-418a-9ba6-e59f14a1f4fb",
            "options": [
              {
                "certificate_transparency_logging_preference": "ENABLED"
              }
            ],
            "private_key": null,
            "status": "ISSUED",
            "subject_alternative_names": [],
            "tags": {},
            "tags_all": {},
            "validation_emails": [],
            "validation_method": "DNS"
          },
          "sensitive_attributes": [],
          "private": "bnVsbA==",
          "create_before_destroy": true
        }
      ]
    },
    {
      "mode": "managed",
      "type": "aws_cloudwatch_log_group",
      "name": "logs",
      "provider": "provider[\"registry.terraform.io/hashicorp/aws\"]",
      "instances": [
        {
          "schema_version": 0,
          "attributes": {
            "arn": "arn:aws:logs:us-west-2:844591813532:log-group:/fargate/service/ashirt",
            "id": "/fargate/service/ashirt",
            "kms_key_id": "",
            "name": "/fargate/service/ashirt",
            "name_prefix": null,
            "retention_in_days": 90,
            "tags": {},
            "tags_all": {}
          },
          "sensitive_attributes": [],
          "private": "bnVsbA=="
        }
      ]
    },
    {
      "mode": "managed",
      "type": "aws_db_subnet_group",
      "name": "default",
      "provider": "provider[\"registry.terraform.io/hashicorp/aws\"]",
      "instances": [
        {
          "schema_version": 0,
          "attributes": {
            "arn": "arn:aws:rds:us-west-2:844591813532:subgrp:ashirt-main",
            "description": "Managed by Terraform",
            "id": "ashirt-main",
            "name": "ashirt-main",
            "name_prefix": null,
            "subnet_ids": [
              "subnet-00ed327d60d7ff377",
              "subnet-02bc34912480cdc26"
            ],
            "tags": {},
            "tags_all": {}
          },
          "sensitive_attributes": [],
          "private": "bnVsbA==",
          "dependencies": [
            "aws_vpc.ashirt",
            "data.aws_availability_zones.az",
            "aws_subnet.private",
            "aws_subnet.public"
          ]
        }
      ]
    },
    {
      "mode": "managed",
      "type": "aws_ecs_cluster",
      "name": "ashirt",
      "provider": "provider[\"registry.terraform.io/hashicorp/aws\"]",
      "instances": [
        {
          "schema_version": 0,
          "attributes": {
            "arn": "arn:aws:ecs:us-west-2:844591813532:cluster/ashirt",
            "capacity_providers": [],
            "configuration": [],
            "default_capacity_provider_strategy": [],
            "id": "arn:aws:ecs:us-west-2:844591813532:cluster/ashirt",
            "name": "ashirt",
            "setting": [
              {
                "name": "containerInsights",
                "value": "disabled"
              }
            ],
            "tags": {},
            "tags_all": {}
          },
          "sensitive_attributes": [],
          "private": "bnVsbA=="
        }
      ]
    },
    {
      "mode": "managed",
      "type": "aws_ecs_service",
      "name": "ashirt-api",
      "provider": "provider[\"registry.terraform.io/hashicorp/aws\"]",
      "instances": [
        {
          "schema_version": 0,
          "attributes": {
            "capacity_provider_strategy": [],
            "cluster": "arn:aws:ecs:us-west-2:844591813532:cluster/ashirt",
            "deployment_circuit_breaker": [
              {
                "enable": false,
                "rollback": false
              }
            ],
            "deployment_controller": [
              {
                "type": "ECS"
              }
            ],
            "deployment_maximum_percent": 200,
            "deployment_minimum_healthy_percent": 100,
            "desired_count": 1,
            "enable_ecs_managed_tags": false,
            "enable_execute_command": false,
            "force_new_deployment": null,
            "health_check_grace_period_seconds": 0,
            "iam_role": "aws-service-role",
            "id": "arn:aws:ecs:us-west-2:844591813532:service/ashirt/ashirt-api",
            "launch_type": "FARGATE",
            "load_balancer": [
              {
                "container_name": "ashirt-api",
                "container_port": 8000,
                "elb_name": "",
                "target_group_arn": "arn:aws:elasticloadbalancing:us-west-2:844591813532:targetgroup/ashirt-api-tg/4fcb915c19936478"
              }
            ],
            "name": "ashirt-api",
            "network_configuration": [
              {
                "assign_public_ip": true,
                "security_groups": [
                  "sg-0248f59b3f06f8e30"
                ],
                "subnets": [
                  "subnet-00ed327d60d7ff377",
                  "subnet-02bc34912480cdc26"
                ]
              }
            ],
            "ordered_placement_strategy": [],
            "placement_constraints": [],
            "platform_version": "LATEST",
            "propagate_tags": "NONE",
            "scheduling_strategy": "REPLICA",
            "service_registries": [],
            "tags": {},
            "tags_all": {},
            "task_definition": "arn:aws:ecs:us-west-2:844591813532:task-definition/ashirt-api:11",
            "timeouts": null,
            "wait_for_steady_state": false
          },
          "sensitive_attributes": [],
          "private": "eyJlMmJmYjczMC1lY2FhLTExZTYtOGY4OC0zNDM2M2JjN2M0YzAiOnsiZGVsZXRlIjoxMjAwMDAwMDAwMDAwfX0=",
          "dependencies": [
            "aws_subnet.private",
            "aws_subnet.public",
            "data.aws_iam_policy_document.assume-role-policy",
            "aws_ecs_cluster.ashirt",
            "aws_iam_role.api",
            "aws_lb_target_group.api",
            "aws_security_group.api-ecs",
            "aws_vpc.ashirt",
            "data.aws_availability_zones.az",
            "aws_ecs_task_definition.api",
            "aws_kms_key.ashirt",
            "aws_s3_bucket.env"
          ]
        }
      ]
    },
    {
      "mode": "managed",
      "type": "aws_ecs_service",
      "name": "ashirt-frontend",
      "provider": "provider[\"registry.terraform.io/hashicorp/aws\"]",
      "instances": [
        {
          "schema_version": 0,
          "attributes": {
            "capacity_provider_strategy": [],
            "cluster": "arn:aws:ecs:us-west-2:844591813532:cluster/ashirt",
            "deployment_circuit_breaker": [
              {
                "enable": false,
                "rollback": false
              }
            ],
            "deployment_controller": [
              {
                "type": "ECS"
              }
            ],
            "deployment_maximum_percent": 200,
            "deployment_minimum_healthy_percent": 100,
            "desired_count": 1,
            "enable_ecs_managed_tags": false,
            "enable_execute_command": false,
            "force_new_deployment": null,
            "health_check_grace_period_seconds": 0,
            "iam_role": "aws-service-role",
            "id": "arn:aws:ecs:us-west-2:844591813532:service/ashirt/ashirt-frontend",
            "launch_type": "FARGATE",
            "load_balancer": [
              {
                "container_name": "ashirt-frontend",
                "container_port": 8080,
                "elb_name": "",
                "target_group_arn": "arn:aws:elasticloadbalancing:us-west-2:844591813532:targetgroup/ashirt-frontend-tg/da7f8928d2b352c5"
              }
            ],
            "name": "ashirt-frontend",
            "network_configuration": [
              {
                "assign_public_ip": true,
                "security_groups": [
                  "sg-0a6e83d025447375e"
                ],
                "subnets": [
                  "subnet-00ed327d60d7ff377",
                  "subnet-02bc34912480cdc26"
                ]
              }
            ],
            "ordered_placement_strategy": [],
            "placement_constraints": [],
            "platform_version": "LATEST",
            "propagate_tags": "NONE",
            "scheduling_strategy": "REPLICA",
            "service_registries": [],
            "tags": {},
            "tags_all": {},
            "task_definition": "arn:aws:ecs:us-west-2:844591813532:task-definition/ashirt-frontend:10",
            "timeouts": null,
            "wait_for_steady_state": false
          },
          "sensitive_attributes": [],
          "private": "eyJlMmJmYjczMC1lY2FhLTExZTYtOGY4OC0zNDM2M2JjN2M0YzAiOnsiZGVsZXRlIjoxMjAwMDAwMDAwMDAwfX0=",
          "dependencies": [
            "aws_iam_role.web",
            "aws_lb.web",
            "aws_subnet.private",
            "aws_vpc.ashirt",
            "aws_ecs_cluster.ashirt",
            "aws_ecs_task_definition.frontend",
            "aws_lb_target_group.frontend",
            "aws_security_group.frontend-ecs",
            "aws_security_group.web-lb",
            "aws_subnet.public",
            "data.aws_availability_zones.az",
            "data.aws_iam_policy_document.assume-role-policy"
          ]
        }
      ]
    },
    {
      "mode": "managed",
      "type": "aws_ecs_service",
      "name": "ashirt-web",
      "provider": "provider[\"registry.terraform.io/hashicorp/aws\"]",
      "instances": [
        {
          "schema_version": 0,
          "attributes": {
            "capacity_provider_strategy": [],
            "cluster": "arn:aws:ecs:us-west-2:844591813532:cluster/ashirt",
            "deployment_circuit_breaker": [
              {
                "enable": false,
                "rollback": false
              }
            ],
            "deployment_controller": [
              {
                "type": "ECS"
              }
            ],
            "deployment_maximum_percent": 200,
            "deployment_minimum_healthy_percent": 100,
            "desired_count": 1,
            "enable_ecs_managed_tags": false,
            "enable_execute_command": false,
            "force_new_deployment": null,
            "health_check_grace_period_seconds": 0,
            "iam_role": "aws-service-role",
            "id": "arn:aws:ecs:us-west-2:844591813532:service/ashirt/ashirt-web",
            "launch_type": "FARGATE",
            "load_balancer": [
              {
                "container_name": "ashirt-web",
                "container_port": 8000,
                "elb_name": "",
                "target_group_arn": "arn:aws:elasticloadbalancing:us-west-2:844591813532:targetgroup/ashirt-web-tg/7284d2af4b93c330"
              }
            ],
            "name": "ashirt-web",
            "network_configuration": [
              {
                "assign_public_ip": true,
                "security_groups": [
                  "sg-0e73d65c726e73010"
                ],
                "subnets": [
                  "subnet-00ed327d60d7ff377",
                  "subnet-02bc34912480cdc26"
                ]
              }
            ],
            "ordered_placement_strategy": [],
            "placement_constraints": [],
            "platform_version": "LATEST",
            "propagate_tags": "NONE",
            "scheduling_strategy": "REPLICA",
            "service_registries": [],
            "tags": {},
            "tags_all": {},
            "task_definition": "arn:aws:ecs:us-west-2:844591813532:task-definition/ashirt-web:11",
            "timeouts": null,
            "wait_for_steady_state": false
          },
          "sensitive_attributes": [],
          "private": "eyJlMmJmYjczMC1lY2FhLTExZTYtOGY4OC0zNDM2M2JjN2M0YzAiOnsiZGVsZXRlIjoxMjAwMDAwMDAwMDAwfX0=",
          "dependencies": [
            "aws_ecs_cluster.ashirt",
            "aws_ecs_task_definition.web",
            "aws_kms_key.ashirt",
            "data.aws_availability_zones.az",
            "aws_vpc.ashirt",
            "data.aws_iam_policy_document.assume-role-policy",
            "aws_iam_role.web",
            "aws_lb_target_group.web",
            "aws_s3_bucket.env",
            "aws_security_group.web-ecs",
            "aws_subnet.private",
            "aws_subnet.public"
          ]
        }
      ]
    },
    {
      "mode": "managed",
      "type": "aws_ecs_task_definition",
      "name": "api",
      "provider": "provider[\"registry.terraform.io/hashicorp/aws\"]",
      "instances": [
        {
          "schema_version": 1,
          "attributes": {
            "arn": "arn:aws:ecs:us-west-2:844591813532:task-definition/ashirt-api:11",
            "container_definitions": "[{\"cpu\":256,\"environment\":[],\"environmentFiles\":[{\"type\":\"s3\",\"value\":\"arn:aws:s3:::my-ashirt-env/app/.env\"},{\"type\":\"s3\",\"value\":\"arn:aws:s3:::my-ashirt-env/db/.env\"}],\"essential\":true,\"image\":\"ashirt/api:sha-6ab44d2\",\"logConfiguration\":{\"logDriver\":\"awslogs\",\"options\":{\"awslogs-group\":\"/fargate/service/ashirt\",\"awslogs-region\":\"us-west-2\",\"awslogs-stream-prefix\":\"ecs\"}},\"memory\":512,\"mountPoints\":[],\"name\":\"ashirt-api\",\"portMappings\":[{\"containerPort\":8000,\"hostPort\":8000,\"protocol\":\"tcp\"}],\"volumesFrom\":[]}]",
            "cpu": "256",
            "ephemeral_storage": [],
            "execution_role_arn": "arn:aws:iam::844591813532:role/system/ashirt-api",
            "family": "ashirt-api",
            "id": "ashirt-api",
            "inference_accelerator": [],
            "ipc_mode": "",
            "memory": "512",
            "network_mode": "awsvpc",
            "pid_mode": "",
            "placement_constraints": [],
            "proxy_configuration": [],
            "requires_compatibilities": [
              "FARGATE"
            ],
            "revision": 11,
            "tags": {},
            "tags_all": {},
            "task_role_arn": "arn:aws:iam::844591813532:role/system/ashirt-api",
            "volume": []
          },
          "sensitive_attributes": [],
          "private": "eyJzY2hlbWFfdmVyc2lvbiI6IjEifQ==",
          "dependencies": [
            "data.aws_iam_policy_document.assume-role-policy",
            "aws_iam_role.api",
            "aws_kms_key.ashirt",
            "aws_s3_bucket.env"
          ]
        }
      ]
    },
    {
      "mode": "managed",
      "type": "aws_ecs_task_definition",
      "name": "frontend",
      "provider": "provider[\"registry.terraform.io/hashicorp/aws\"]",
      "instances": [
        {
          "schema_version": 1,
          "attributes": {
            "arn": "arn:aws:ecs:us-west-2:844591813532:task-definition/ashirt-frontend:10",
            "container_definitions": "[{\"cpu\":256,\"environment\":[{\"name\":\"NGINX_PORT\",\"value\":\"8080\"},{\"name\":\"WEB_URL\",\"value\":\"http://internal-ashirt-web-689291296.us-west-2.elb.amazonaws.com:8000\"}],\"essential\":true,\"image\":\"ashirt/frontend:sha-6ab44d2\",\"logConfiguration\":{\"logDriver\":\"awslogs\",\"options\":{\"awslogs-group\":\"/fargate/service/ashirt\",\"awslogs-region\":\"us-west-2\",\"awslogs-stream-prefix\":\"ecs\"}},\"memory\":512,\"mountPoints\":[],\"name\":\"ashirt-frontend\",\"portMappings\":[{\"containerPort\":8080,\"hostPort\":8080,\"protocol\":\"tcp\"}],\"volumesFrom\":[]}]",
            "cpu": "256",
            "ephemeral_storage": [],
            "execution_role_arn": "arn:aws:iam::844591813532:role/system/ashirt-web",
            "family": "ashirt-frontend",
            "id": "ashirt-frontend",
            "inference_accelerator": [],
            "ipc_mode": "",
            "memory": "512",
            "network_mode": "awsvpc",
            "pid_mode": "",
            "placement_constraints": [],
            "proxy_configuration": [],
            "requires_compatibilities": [
              "FARGATE"
            ],
            "revision": 10,
            "tags": {},
            "tags_all": {},
            "task_role_arn": "arn:aws:iam::844591813532:role/system/ashirt-web",
            "volume": []
          },
          "sensitive_attributes": [],
          "private": "eyJzY2hlbWFfdmVyc2lvbiI6IjEifQ==",
          "dependencies": [
            "aws_security_group.web-lb",
            "aws_subnet.private",
            "aws_subnet.public",
            "aws_vpc.ashirt",
            "data.aws_availability_zones.az",
            "data.aws_iam_policy_document.assume-role-policy",
            "aws_iam_role.web",
            "aws_lb.web"
          ]
        }
      ]
    },
    {
      "mode": "managed",
      "type": "aws_ecs_task_definition",
      "name": "init",
      "provider": "provider[\"registry.terraform.io/hashicorp/aws\"]",
      "instances": [
        {
          "schema_version": 1,
          "attributes": {
            "arn": "arn:aws:ecs:us-west-2:844591813532:task-definition/init:23",
            "container_definitions": "[{\"cpu\":256,\"environment\":[],\"environmentFiles\":[{\"type\":\"s3\",\"value\":\"arn:aws:s3:::my-ashirt-env/db/.env\"}],\"essential\":true,\"image\":\"ashirt/init:sha-6ab44d2\",\"logConfiguration\":{\"logDriver\":\"awslogs\",\"options\":{\"awslogs-group\":\"/fargate/service/ashirt\",\"awslogs-region\":\"us-west-2\",\"awslogs-stream-prefix\":\"ecs\"}},\"memory\":512,\"mountPoints\":[],\"name\":\"ashirt-init\",\"portMappings\":[{\"containerPort\":8000,\"hostPort\":8000,\"protocol\":\"tcp\"}],\"volumesFrom\":[]}]",
            "cpu": "256",
            "ephemeral_storage": [],
            "execution_role_arn": "arn:aws:iam::844591813532:role/system/ashirt-api",
            "family": "init",
            "id": "init",
            "inference_accelerator": [],
            "ipc_mode": "",
            "memory": "512",
            "network_mode": "awsvpc",
            "pid_mode": "",
            "placement_constraints": [],
            "proxy_configuration": [],
            "requires_compatibilities": [
              "FARGATE"
            ],
            "revision": 23,
            "tags": {},
            "tags_all": {},
            "task_role_arn": "arn:aws:iam::844591813532:role/system/ashirt-api",
            "volume": []
          },
          "sensitive_attributes": [],
          "private": "eyJzY2hlbWFfdmVyc2lvbiI6IjEifQ==",
          "dependencies": [
            "aws_iam_role.api",
            "aws_kms_key.ashirt",
            "aws_s3_bucket.env",
            "data.aws_iam_policy_document.assume-role-policy"
          ]
        }
      ]
    },
    {
      "mode": "managed",
      "type": "aws_ecs_task_definition",
      "name": "web",
      "provider": "provider[\"registry.terraform.io/hashicorp/aws\"]",
      "instances": [
        {
          "schema_version": 1,
          "attributes": {
            "arn": "arn:aws:ecs:us-west-2:844591813532:task-definition/ashirt-web:11",
            "container_definitions": "[{\"cpu\":256,\"environment\":[],\"environmentFiles\":[{\"type\":\"s3\",\"value\":\"arn:aws:s3:::my-ashirt-env/web/.env\"},{\"type\":\"s3\",\"value\":\"arn:aws:s3:::my-ashirt-env/app/.env\"},{\"type\":\"s3\",\"value\":\"arn:aws:s3:::my-ashirt-env/db/.env\"}],\"essential\":true,\"image\":\"ashirt/web:sha-6ab44d2\",\"logConfiguration\":{\"logDriver\":\"awslogs\",\"options\":{\"awslogs-group\":\"/fargate/service/ashirt\",\"awslogs-region\":\"us-west-2\",\"awslogs-stream-prefix\":\"ecs\"}},\"memory\":512,\"mountPoints\":[],\"name\":\"ashirt-web\",\"portMappings\":[{\"containerPort\":8000,\"hostPort\":8000,\"protocol\":\"tcp\"}],\"volumesFrom\":[]}]",
            "cpu": "256",
            "ephemeral_storage": [],
            "execution_role_arn": "arn:aws:iam::844591813532:role/system/ashirt-web",
            "family": "ashirt-web",
            "id": "ashirt-web",
            "inference_accelerator": [],
            "ipc_mode": "",
            "memory": "512",
            "network_mode": "awsvpc",
            "pid_mode": "",
            "placement_constraints": [],
            "proxy_configuration": [],
            "requires_compatibilities": [
              "FARGATE"
            ],
            "revision": 11,
            "tags": {},
            "tags_all": {},
            "task_role_arn": "arn:aws:iam::844591813532:role/system/ashirt-web",
            "volume": []
          },
          "sensitive_attributes": [],
          "private": "eyJzY2hlbWFfdmVyc2lvbiI6IjEifQ==",
          "dependencies": [
            "aws_iam_role.web",
            "aws_kms_key.ashirt",
            "aws_s3_bucket.env",
            "data.aws_iam_policy_document.assume-role-policy"
          ]
        }
      ]
    },
    {
      "mode": "managed",
      "type": "aws_eip",
      "name": "ngw",
      "provider": "provider[\"registry.terraform.io/hashicorp/aws\"]",
      "instances": [
        {
          "index_key": 0,
          "schema_version": 0,
          "attributes": {
            "address": null,
            "allocation_id": null,
            "associate_with_private_ip": null,
            "association_id": "",
            "carrier_ip": "",
            "customer_owned_ip": "",
            "customer_owned_ipv4_pool": "",
            "domain": "vpc",
            "id": "eipalloc-0f76757804595c149",
            "instance": "",
            "network_border_group": "us-west-2",
            "network_interface": "",
            "private_dns": "ip-10-0-0-243.us-west-2.compute.internal",
            "private_ip": "",
            "public_dns": "ec2-44-242-116-105.us-west-2.compute.amazonaws.com",
            "public_ip": "44.242.116.105",
            "public_ipv4_pool": "amazon",
            "tags": {},
            "tags_all": {},
            "timeouts": null,
            "vpc": true
          },
          "sensitive_attributes": [],
          "private": "eyJlMmJmYjczMC1lY2FhLTExZTYtOGY4OC0zNDM2M2JjN2M0YzAiOnsiZGVsZXRlIjoxODAwMDAwMDAwMDAsInJlYWQiOjkwMDAwMDAwMDAwMCwidXBkYXRlIjozMDAwMDAwMDAwMDB9fQ=="
        },
        {
          "index_key": 1,
          "schema_version": 0,
          "attributes": {
            "address": null,
            "allocation_id": null,
            "associate_with_private_ip": null,
            "association_id": "",
            "carrier_ip": "",
            "customer_owned_ip": "",
            "customer_owned_ipv4_pool": "",
            "domain": "vpc",
            "id": "eipalloc-001445fa383839960",
            "instance": "",
            "network_border_group": "us-west-2",
            "network_interface": "",
            "private_dns": "ip-10-0-1-213.us-west-2.compute.internal",
            "private_ip": "",
            "public_dns": "ec2-35-165-45-68.us-west-2.compute.amazonaws.com",
            "public_ip": "35.165.45.68",
            "public_ipv4_pool": "amazon",
            "tags": {},
            "tags_all": {},
            "timeouts": null,
            "vpc": true
          },
          "sensitive_attributes": [],
          "private": "eyJlMmJmYjczMC1lY2FhLTExZTYtOGY4OC0zNDM2M2JjN2M0YzAiOnsiZGVsZXRlIjoxODAwMDAwMDAwMDAsInJlYWQiOjkwMDAwMDAwMDAwMCwidXBkYXRlIjozMDAwMDAwMDAwMDB9fQ=="
        }
      ]
    },
    {
      "mode": "managed",
      "type": "aws_iam_policy",
      "name": "apienv",
      "provider": "provider[\"registry.terraform.io/hashicorp/aws\"]",
      "instances": [
        {
          "schema_version": 0,
          "attributes": {
            "arn": "arn:aws:iam::844591813532:policy/ashirt-apienv-policy",
            "description": ".env.web policy",
            "id": "arn:aws:iam::844591813532:policy/ashirt-apienv-policy",
            "name": "ashirt-apienv-policy",
            "name_prefix": null,
            "path": "/",
            "policy": "{\"Statement\":[{\"Action\":[\"s3:GetObject\"],\"Effect\":\"Allow\",\"Resource\":[\"arn:aws:s3:::my-ashirt-env/app/.env\",\"arn:aws:s3:::my-ashirt-env/db/.env\"]},{\"Action\":[\"s3:GetBucketLocation\"],\"Effect\":\"Allow\",\"Resource\":[\"arn:aws:s3:::my-ashirt-env\"]}],\"Version\":\"2012-10-17\"}",
            "policy_id": "ANPA4JJMYKOODDKULO6EK",
            "tags": {},
            "tags_all": {}
          },
          "sensitive_attributes": [],
          "private": "bnVsbA==",
          "dependencies": [
            "aws_kms_key.ashirt",
            "aws_s3_bucket.env"
          ]
        }
      ]
    },
    {
      "mode": "managed",
      "type": "aws_iam_policy",
      "name": "appdata",
      "provider": "provider[\"registry.terraform.io/hashicorp/aws\"]",
      "instances": [
        {
          "schema_version": 0,
          "attributes": {
            "arn": "arn:aws:iam::844591813532:policy/ashirt-appdata-policy",
            "description": "appdata access policy",
            "id": "arn:aws:iam::844591813532:policy/ashirt-appdata-policy",
            "name": "ashirt-appdata-policy",
            "name_prefix": null,
            "path": "/",
            "policy": "{\"Statement\":[{\"Action\":[\"s3:*\"],\"Effect\":\"Allow\",\"Resource\":[\"arn:aws:s3:::my-ashirt-data/*\"]}],\"Version\":\"2012-10-17\"}",
            "policy_id": "ANPA4JJMYKOON2VGNMEWR",
            "tags": {},
            "tags_all": {}
          },
          "sensitive_attributes": [],
          "private": "bnVsbA==",
          "dependencies": [
            "aws_kms_key.ashirt",
            "aws_s3_bucket.data"
          ]
        }
      ]
    },
    {
      "mode": "managed",
      "type": "aws_iam_policy",
      "name": "webenv",
      "provider": "provider[\"registry.terraform.io/hashicorp/aws\"]",
      "instances": [
        {
          "schema_version": 0,
          "attributes": {
            "arn": "arn:aws:iam::844591813532:policy/ashirt-webenv-policy",
            "description": ".env.web policy",
            "id": "arn:aws:iam::844591813532:policy/ashirt-webenv-policy",
            "name": "ashirt-webenv-policy",
            "name_prefix": null,
            "path": "/",
            "policy": "{\"Statement\":[{\"Action\":[\"s3:GetObject\"],\"Effect\":\"Allow\",\"Resource\":[\"arn:aws:s3:::my-ashirt-env/web/.env\",\"arn:aws:s3:::my-ashirt-env/db/.env\",\"arn:aws:s3:::my-ashirt-env/app/.env\"]},{\"Action\":[\"s3:GetBucketLocation\"],\"Effect\":\"Allow\",\"Resource\":[\"arn:aws:s3:::my-ashirt-env\"]}],\"Version\":\"2012-10-17\"}",
            "policy_id": "ANPA4JJMYKOODPAMJWHIV",
            "tags": {},
            "tags_all": {}
          },
          "sensitive_attributes": [],
          "private": "bnVsbA==",
          "dependencies": [
            "aws_kms_key.ashirt",
            "aws_s3_bucket.env"
          ]
        }
      ]
    },
    {
      "mode": "managed",
      "type": "aws_iam_role",
      "name": "api",
      "provider": "provider[\"registry.terraform.io/hashicorp/aws\"]",
      "instances": [
        {
          "schema_version": 0,
          "attributes": {
            "arn": "arn:aws:iam::844591813532:role/system/ashirt-api",
            "assume_role_policy": "{\"Version\":\"2012-10-17\",\"Statement\":[{\"Sid\":\"\",\"Effect\":\"Allow\",\"Principal\":{\"Service\":\"ecs-tasks.amazonaws.com\"},\"Action\":\"sts:AssumeRole\"}]}",
            "create_date": "2021-09-16T22:00:09Z",
            "description": "",
            "force_detach_policies": false,
            "id": "ashirt-api",
            "inline_policy": [
              {
                "name": "",
                "policy": ""
              }
            ],
            "managed_policy_arns": [
              "arn:aws:iam::844591813532:policy/ashirt-apienv-policy",
              "arn:aws:iam::844591813532:policy/ashirt-appdata-policy",
              "arn:aws:iam::844591813532:policy/ashirt-appdatakms-policy",
              "arn:aws:iam::aws:policy/service-role/AmazonECSTaskExecutionRolePolicy"
            ],
            "max_session_duration": 3600,
            "name": "ashirt-api",
            "name_prefix": null,
            "path": "/system/",
            "permissions_boundary": null,
            "tags": {},
            "tags_all": {},
            "unique_id": "AROA4JJMYKOOOU3PDPHVT"
          },
          "sensitive_attributes": [],
          "private": "bnVsbA==",
          "dependencies": [
            "data.aws_iam_policy_document.assume-role-policy"
          ]
        }
      ]
    },
    {
      "mode": "managed",
      "type": "aws_iam_role",
      "name": "web",
      "provider": "provider[\"registry.terraform.io/hashicorp/aws\"]",
      "instances": [
        {
          "schema_version": 0,
          "attributes": {
            "arn": "arn:aws:iam::844591813532:role/system/ashirt-web",
            "assume_role_policy": "{\"Version\":\"2012-10-17\",\"Statement\":[{\"Sid\":\"\",\"Effect\":\"Allow\",\"Principal\":{\"Service\":\"ecs-tasks.amazonaws.com\"},\"Action\":\"sts:AssumeRole\"}]}",
            "create_date": "2021-09-16T22:00:09Z",
            "description": "",
            "force_detach_policies": false,
            "id": "ashirt-web",
            "inline_policy": [
              {
                "name": "",
                "policy": ""
              }
            ],
            "managed_policy_arns": [
              "arn:aws:iam::844591813532:policy/ashirt-appdata-policy",
              "arn:aws:iam::844591813532:policy/ashirt-appdatakms-policy",
              "arn:aws:iam::844591813532:policy/ashirt-webenv-policy",
              "arn:aws:iam::aws:policy/service-role/AmazonECSTaskExecutionRolePolicy"
            ],
            "max_session_duration": 3600,
            "name": "ashirt-web",
            "name_prefix": null,
            "path": "/system/",
            "permissions_boundary": null,
            "tags": {},
            "tags_all": {},
            "unique_id": "AROA4JJMYKOOEYZTZGRAG"
          },
          "sensitive_attributes": [],
          "private": "bnVsbA==",
          "dependencies": [
            "data.aws_iam_policy_document.assume-role-policy"
          ]
        }
      ]
    },
    {
      "mode": "managed",
      "type": "aws_iam_role_policy_attachment",
      "name": "data-api",
      "provider": "provider[\"registry.terraform.io/hashicorp/aws\"]",
      "instances": [
        {
          "schema_version": 0,
          "attributes": {
            "id": "ashirt-api-20210916220011189400000005",
            "policy_arn": "arn:aws:iam::844591813532:policy/ashirt-appdata-policy",
            "role": "ashirt-api"
          },
          "sensitive_attributes": [],
          "private": "bnVsbA==",
          "dependencies": [
            "aws_iam_policy.appdata",
            "aws_iam_role.api",
            "aws_kms_key.ashirt",
            "aws_s3_bucket.data",
            "data.aws_iam_policy_document.assume-role-policy"
          ]
        }
      ]
    },
    {
      "mode": "managed",
      "type": "aws_iam_role_policy_attachment",
      "name": "data-web",
      "provider": "provider[\"registry.terraform.io/hashicorp/aws\"]",
      "instances": [
        {
          "schema_version": 0,
          "attributes": {
            "id": "ashirt-web-20210916220011156400000002",
            "policy_arn": "arn:aws:iam::844591813532:policy/ashirt-appdata-policy",
            "role": "ashirt-web"
          },
          "sensitive_attributes": [],
          "private": "bnVsbA==",
          "dependencies": [
            "aws_kms_key.ashirt",
            "aws_s3_bucket.data",
            "data.aws_iam_policy_document.assume-role-policy",
            "aws_iam_policy.appdata",
            "aws_iam_role.web"
          ]
        }
      ]
    },
    {
      "mode": "managed",
      "type": "aws_iam_role_policy_attachment",
      "name": "ecsTaskExecutionRole-api",
      "provider": "provider[\"registry.terraform.io/hashicorp/aws\"]",
      "instances": [
        {
          "schema_version": 0,
          "attributes": {
            "id": "ashirt-api-20210916220011184200000004",
            "policy_arn": "arn:aws:iam::aws:policy/service-role/AmazonECSTaskExecutionRolePolicy",
            "role": "ashirt-api"
          },
          "sensitive_attributes": [],
          "private": "bnVsbA==",
          "dependencies": [
            "aws_iam_role.api",
            "data.aws_iam_policy_document.assume-role-policy"
          ]
        }
      ]
    },
    {
      "mode": "managed",
      "type": "aws_iam_role_policy_attachment",
      "name": "ecsTaskExecutionRole-web",
      "provider": "provider[\"registry.terraform.io/hashicorp/aws\"]",
      "instances": [
        {
          "schema_version": 0,
          "attributes": {
            "id": "ashirt-web-20210916220011148400000001",
            "policy_arn": "arn:aws:iam::aws:policy/service-role/AmazonECSTaskExecutionRolePolicy",
            "role": "ashirt-web"
          },
          "sensitive_attributes": [],
          "private": "bnVsbA==",
          "dependencies": [
            "aws_iam_role.web",
            "data.aws_iam_policy_document.assume-role-policy"
          ]
        }
      ]
    },
    {
      "mode": "managed",
      "type": "aws_iam_role_policy_attachment",
      "name": "env-api",
      "provider": "provider[\"registry.terraform.io/hashicorp/aws\"]",
      "instances": [
        {
          "schema_version": 0,
          "attributes": {
            "id": "ashirt-api-20210916220011600500000009",
            "policy_arn": "arn:aws:iam::844591813532:policy/ashirt-apienv-policy",
            "role": "ashirt-api"
          },
          "sensitive_attributes": [],
          "private": "bnVsbA==",
          "dependencies": [
            "data.aws_iam_policy_document.assume-role-policy",
            "aws_iam_policy.apienv",
            "aws_iam_role.api",
            "aws_kms_key.ashirt",
            "aws_s3_bucket.env"
          ]
        }
      ]
    },
    {
      "mode": "managed",
      "type": "aws_iam_role_policy_attachment",
      "name": "env-web",
      "provider": "provider[\"registry.terraform.io/hashicorp/aws\"]",
      "instances": [
        {
          "schema_version": 0,
          "attributes": {
            "id": "ashirt-web-20210916220011160900000003",
            "policy_arn": "arn:aws:iam::844591813532:policy/ashirt-webenv-policy",
            "role": "ashirt-web"
          },
          "sensitive_attributes": [],
          "private": "bnVsbA==",
          "dependencies": [
            "aws_s3_bucket.env",
            "data.aws_iam_policy_document.assume-role-policy",
            "aws_iam_policy.webenv",
            "aws_iam_role.web",
            "aws_kms_key.ashirt"
          ]
        }
      ]
    },
    {
      "mode": "managed",
      "type": "aws_internet_gateway",
      "name": "igw",
      "provider": "provider[\"registry.terraform.io/hashicorp/aws\"]",
      "instances": [
        {
          "schema_version": 0,
          "attributes": {
            "arn": "arn:aws:ec2:us-west-2:844591813532:internet-gateway/igw-05d0670a767656703",
            "id": "igw-05d0670a767656703",
            "owner_id": "844591813532",
            "tags": {
              "Name": "ashirt"
            },
            "tags_all": {
              "Name": "ashirt"
            },
            "vpc_id": "vpc-0d58d33b59fff28d4"
          },
          "sensitive_attributes": [],
          "private": "bnVsbA==",
          "dependencies": [
            "aws_vpc.ashirt"
          ]
        }
      ]
    },
    {
      "mode": "managed",
      "type": "aws_lb",
      "name": "api",
      "provider": "provider[\"registry.terraform.io/hashicorp/aws\"]",
      "instances": [
        {
          "schema_version": 0,
          "attributes": {
            "access_logs": [
              {
                "bucket": "",
                "enabled": false,
                "prefix": ""
              }
            ],
            "arn": "arn:aws:elasticloadbalancing:us-west-2:844591813532:loadbalancer/app/ashirt-api/3cf45efd40e60eb7",
            "arn_suffix": "app/ashirt-api/3cf45efd40e60eb7",
            "customer_owned_ipv4_pool": "",
            "dns_name": "ashirt-api-213360097.us-west-2.elb.amazonaws.com",
            "drop_invalid_header_fields": false,
            "enable_cross_zone_load_balancing": null,
            "enable_deletion_protection": false,
            "enable_http2": true,
            "id": "arn:aws:elasticloadbalancing:us-west-2:844591813532:loadbalancer/app/ashirt-api/3cf45efd40e60eb7",
            "idle_timeout": 60,
            "internal": false,
            "ip_address_type": "ipv4",
            "load_balancer_type": "application",
            "name": "ashirt-api",
            "name_prefix": null,
            "security_groups": [
              "sg-0ec1a88512dd73b9b"
            ],
            "subnet_mapping": [
              {
                "allocation_id": "",
                "ipv6_address": "",
                "outpost_id": "",
                "private_ipv4_address": "",
                "subnet_id": "subnet-00ed327d60d7ff377"
              },
              {
                "allocation_id": "",
                "ipv6_address": "",
                "outpost_id": "",
                "private_ipv4_address": "",
                "subnet_id": "subnet-02bc34912480cdc26"
              }
            ],
            "subnets": [
              "subnet-00ed327d60d7ff377",
              "subnet-02bc34912480cdc26"
            ],
            "tags": {
              "Name": "ashirt"
            },
            "tags_all": {
              "Name": "ashirt"
            },
            "timeouts": null,
            "vpc_id": "vpc-0d58d33b59fff28d4",
            "zone_id": "Z1H1FL5HABSF5"
          },
          "sensitive_attributes": [],
          "private": "eyJlMmJmYjczMC1lY2FhLTExZTYtOGY4OC0zNDM2M2JjN2M0YzAiOnsiY3JlYXRlIjo2MDAwMDAwMDAwMDAsImRlbGV0ZSI6NjAwMDAwMDAwMDAwLCJ1cGRhdGUiOjYwMDAwMDAwMDAwMH19",
          "dependencies": [
            "aws_security_group.api-lb",
            "aws_subnet.public",
            "aws_vpc.ashirt",
            "data.aws_availability_zones.az"
          ]
        }
      ]
    },
    {
      "mode": "managed",
      "type": "aws_lb",
      "name": "frontend",
      "provider": "provider[\"registry.terraform.io/hashicorp/aws\"]",
      "instances": [
        {
          "schema_version": 0,
          "attributes": {
            "access_logs": [
              {
                "bucket": "",
                "enabled": false,
                "prefix": ""
              }
            ],
            "arn": "arn:aws:elasticloadbalancing:us-west-2:844591813532:loadbalancer/app/ashirt-frontend/357d8074be3a3a28",
            "arn_suffix": "app/ashirt-frontend/357d8074be3a3a28",
            "customer_owned_ipv4_pool": "",
            "dns_name": "ashirt-frontend-2059858946.us-west-2.elb.amazonaws.com",
            "drop_invalid_header_fields": false,
            "enable_cross_zone_load_balancing": null,
            "enable_deletion_protection": false,
            "enable_http2": true,
            "id": "arn:aws:elasticloadbalancing:us-west-2:844591813532:loadbalancer/app/ashirt-frontend/357d8074be3a3a28",
            "idle_timeout": 60,
            "internal": false,
            "ip_address_type": "ipv4",
            "load_balancer_type": "application",
            "name": "ashirt-frontend",
            "name_prefix": null,
            "security_groups": [
              "sg-097b9f6fa6e012f0d"
            ],
            "subnet_mapping": [
              {
                "allocation_id": "",
                "ipv6_address": "",
                "outpost_id": "",
                "private_ipv4_address": "",
                "subnet_id": "subnet-00ed327d60d7ff377"
              },
              {
                "allocation_id": "",
                "ipv6_address": "",
                "outpost_id": "",
                "private_ipv4_address": "",
                "subnet_id": "subnet-02bc34912480cdc26"
              }
            ],
            "subnets": [
              "subnet-00ed327d60d7ff377",
              "subnet-02bc34912480cdc26"
            ],
            "tags": {
              "Name": "ashirt"
            },
            "tags_all": {
              "Name": "ashirt"
            },
            "timeouts": null,
            "vpc_id": "vpc-0d58d33b59fff28d4",
            "zone_id": "Z1H1FL5HABSF5"
          },
          "sensitive_attributes": [],
          "private": "eyJlMmJmYjczMC1lY2FhLTExZTYtOGY4OC0zNDM2M2JjN2M0YzAiOnsiY3JlYXRlIjo2MDAwMDAwMDAwMDAsImRlbGV0ZSI6NjAwMDAwMDAwMDAwLCJ1cGRhdGUiOjYwMDAwMDAwMDAwMH19",
          "dependencies": [
            "aws_security_group.frontend-lb",
            "aws_subnet.public",
            "aws_vpc.ashirt",
            "data.aws_availability_zones.az"
          ]
        }
      ]
    },
    {
      "mode": "managed",
      "type": "aws_lb",
      "name": "web",
      "provider": "provider[\"registry.terraform.io/hashicorp/aws\"]",
      "instances": [
        {
          "schema_version": 0,
          "attributes": {
            "access_logs": [
              {
                "bucket": "",
                "enabled": false,
                "prefix": ""
              }
            ],
            "arn": "arn:aws:elasticloadbalancing:us-west-2:844591813532:loadbalancer/app/ashirt-web/980a0fb3ed1293e8",
            "arn_suffix": "app/ashirt-web/980a0fb3ed1293e8",
            "customer_owned_ipv4_pool": "",
            "dns_name": "internal-ashirt-web-689291296.us-west-2.elb.amazonaws.com",
            "drop_invalid_header_fields": false,
            "enable_cross_zone_load_balancing": null,
            "enable_deletion_protection": false,
            "enable_http2": true,
            "id": "arn:aws:elasticloadbalancing:us-west-2:844591813532:loadbalancer/app/ashirt-web/980a0fb3ed1293e8",
            "idle_timeout": 60,
            "internal": true,
            "ip_address_type": "ipv4",
            "load_balancer_type": "application",
            "name": "ashirt-web",
            "name_prefix": null,
            "security_groups": [
              "sg-050d8e3e42e397d47"
            ],
            "subnet_mapping": [
              {
                "allocation_id": "",
                "ipv6_address": "",
                "outpost_id": "",
                "private_ipv4_address": "",
                "subnet_id": "subnet-00ed327d60d7ff377"
              },
              {
                "allocation_id": "",
                "ipv6_address": "",
                "outpost_id": "",
                "private_ipv4_address": "",
                "subnet_id": "subnet-02bc34912480cdc26"
              }
            ],
            "subnets": [
              "subnet-00ed327d60d7ff377",
              "subnet-02bc34912480cdc26"
            ],
            "tags": {
              "Name": "ashirt"
            },
            "tags_all": {
              "Name": "ashirt"
            },
            "timeouts": null,
            "vpc_id": "vpc-0d58d33b59fff28d4",
            "zone_id": "Z1H1FL5HABSF5"
          },
          "sensitive_attributes": [],
          "private": "eyJlMmJmYjczMC1lY2FhLTExZTYtOGY4OC0zNDM2M2JjN2M0YzAiOnsiY3JlYXRlIjo2MDAwMDAwMDAwMDAsImRlbGV0ZSI6NjAwMDAwMDAwMDAwLCJ1cGRhdGUiOjYwMDAwMDAwMDAwMH19",
          "dependencies": [
            "aws_subnet.public",
            "aws_vpc.ashirt",
            "data.aws_availability_zones.az",
            "aws_security_group.web-lb",
            "aws_subnet.private"
          ]
        }
      ]
    },
    {
      "mode": "managed",
      "type": "aws_lb_listener",
      "name": "api",
      "provider": "provider[\"registry.terraform.io/hashicorp/aws\"]",
      "instances": [
        {
          "schema_version": 0,
          "attributes": {
            "alpn_policy": null,
            "arn": "arn:aws:elasticloadbalancing:us-west-2:844591813532:listener/app/ashirt-api/3cf45efd40e60eb7/7d552e843309afd2",
            "certificate_arn": "arn:aws:acm:us-west-2:844591813532:certificate/f2846bdc-0708-418a-9ba6-e59f14a1f4fb",
            "default_action": [
              {
                "authenticate_cognito": [],
                "authenticate_oidc": [],
                "fixed_response": [],
                "forward": [],
                "order": 1,
                "redirect": [],
                "target_group_arn": "arn:aws:elasticloadbalancing:us-west-2:844591813532:targetgroup/ashirt-api-tg/4fcb915c19936478",
                "type": "forward"
              }
            ],
            "id": "arn:aws:elasticloadbalancing:us-west-2:844591813532:listener/app/ashirt-api/3cf45efd40e60eb7/7d552e843309afd2",
            "load_balancer_arn": "arn:aws:elasticloadbalancing:us-west-2:844591813532:loadbalancer/app/ashirt-api/3cf45efd40e60eb7",
            "port": 443,
            "protocol": "HTTPS",
            "ssl_policy": "ELBSecurityPolicy-2016-08",
            "tags": {},
            "tags_all": {},
            "timeouts": null
          },
          "sensitive_attributes": [],
          "private": "eyJlMmJmYjczMC1lY2FhLTExZTYtOGY4OC0zNDM2M2JjN2M0YzAiOnsicmVhZCI6NjAwMDAwMDAwMDAwfX0=",
          "dependencies": [
            "aws_acm_certificate.ashirt",
            "aws_lb.api",
            "aws_lb_target_group.api",
            "aws_security_group.api-lb",
            "aws_subnet.public",
            "aws_vpc.ashirt",
            "data.aws_availability_zones.az"
          ]
        }
      ]
    },
    {
      "mode": "managed",
      "type": "aws_lb_listener",
      "name": "frontend",
      "provider": "provider[\"registry.terraform.io/hashicorp/aws\"]",
      "instances": [
        {
          "schema_version": 0,
          "attributes": {
            "alpn_policy": null,
            "arn": "arn:aws:elasticloadbalancing:us-west-2:844591813532:listener/app/ashirt-frontend/357d8074be3a3a28/01a1d2d451ac283a",
            "certificate_arn": "arn:aws:acm:us-west-2:844591813532:certificate/f2846bdc-0708-418a-9ba6-e59f14a1f4fb",
            "default_action": [
              {
                "authenticate_cognito": [],
                "authenticate_oidc": [],
                "fixed_response": [],
                "forward": [],
                "order": 1,
                "redirect": [],
                "target_group_arn": "arn:aws:elasticloadbalancing:us-west-2:844591813532:targetgroup/ashirt-frontend-tg/da7f8928d2b352c5",
                "type": "forward"
              }
            ],
            "id": "arn:aws:elasticloadbalancing:us-west-2:844591813532:listener/app/ashirt-frontend/357d8074be3a3a28/01a1d2d451ac283a",
            "load_balancer_arn": "arn:aws:elasticloadbalancing:us-west-2:844591813532:loadbalancer/app/ashirt-frontend/357d8074be3a3a28",
            "port": 443,
            "protocol": "HTTPS",
            "ssl_policy": "ELBSecurityPolicy-2016-08",
            "tags": {},
            "tags_all": {},
            "timeouts": null
          },
          "sensitive_attributes": [],
          "private": "eyJlMmJmYjczMC1lY2FhLTExZTYtOGY4OC0zNDM2M2JjN2M0YzAiOnsicmVhZCI6NjAwMDAwMDAwMDAwfX0=",
          "dependencies": [
            "aws_lb.frontend",
            "aws_lb_target_group.frontend",
            "aws_security_group.frontend-lb",
            "aws_subnet.public",
            "aws_vpc.ashirt",
            "data.aws_availability_zones.az",
            "aws_acm_certificate.ashirt"
          ]
        }
      ]
    },
    {
      "mode": "managed",
      "type": "aws_lb_listener",
      "name": "web",
      "provider": "provider[\"registry.terraform.io/hashicorp/aws\"]",
      "instances": [
        {
          "schema_version": 0,
          "attributes": {
            "alpn_policy": null,
            "arn": "arn:aws:elasticloadbalancing:us-west-2:844591813532:listener/app/ashirt-web/980a0fb3ed1293e8/f25ce118d7dcf74d",
            "certificate_arn": null,
            "default_action": [
              {
                "authenticate_cognito": [],
                "authenticate_oidc": [],
                "fixed_response": [],
                "forward": [],
                "order": 1,
                "redirect": [],
                "target_group_arn": "arn:aws:elasticloadbalancing:us-west-2:844591813532:targetgroup/ashirt-web-tg/7284d2af4b93c330",
                "type": "forward"
              }
            ],
            "id": "arn:aws:elasticloadbalancing:us-west-2:844591813532:listener/app/ashirt-web/980a0fb3ed1293e8/f25ce118d7dcf74d",
            "load_balancer_arn": "arn:aws:elasticloadbalancing:us-west-2:844591813532:loadbalancer/app/ashirt-web/980a0fb3ed1293e8",
            "port": 8000,
            "protocol": "HTTP",
            "ssl_policy": "",
            "tags": {},
            "tags_all": {},
            "timeouts": null
          },
          "sensitive_attributes": [],
          "private": "eyJlMmJmYjczMC1lY2FhLTExZTYtOGY4OC0zNDM2M2JjN2M0YzAiOnsicmVhZCI6NjAwMDAwMDAwMDAwfX0=",
          "dependencies": [
            "aws_lb_target_group.web",
            "aws_security_group.web-lb",
            "aws_subnet.private",
            "aws_subnet.public",
            "aws_vpc.ashirt",
            "data.aws_availability_zones.az",
            "aws_lb.web"
          ]
        }
      ]
    },
    {
      "mode": "managed",
      "type": "aws_lb_target_group",
      "name": "api",
      "provider": "provider[\"registry.terraform.io/hashicorp/aws\"]",
      "instances": [
        {
          "schema_version": 0,
          "attributes": {
            "arn": "arn:aws:elasticloadbalancing:us-west-2:844591813532:targetgroup/ashirt-api-tg/4fcb915c19936478",
            "arn_suffix": "targetgroup/ashirt-api-tg/4fcb915c19936478",
            "deregistration_delay": 300,
            "health_check": [
              {
                "enabled": true,
                "healthy_threshold": 3,
                "interval": 30,
                "matcher": "200,401,404",
                "path": "/",
                "port": "traffic-port",
                "protocol": "HTTP",
                "timeout": 5,
                "unhealthy_threshold": 3
              }
            ],
            "id": "arn:aws:elasticloadbalancing:us-west-2:844591813532:targetgroup/ashirt-api-tg/4fcb915c19936478",
            "lambda_multi_value_headers_enabled": false,
            "load_balancing_algorithm_type": "round_robin",
            "name": "ashirt-api-tg",
            "name_prefix": null,
            "port": 8000,
            "preserve_client_ip": null,
            "protocol": "HTTP",
            "protocol_version": "HTTP1",
            "proxy_protocol_v2": false,
            "slow_start": 0,
            "stickiness": [
              {
                "cookie_duration": 86400,
                "cookie_name": "",
                "enabled": false,
                "type": "lb_cookie"
              }
            ],
            "tags": {},
            "tags_all": {},
            "target_type": "ip",
            "vpc_id": "vpc-0d58d33b59fff28d4"
          },
          "sensitive_attributes": [],
          "private": "bnVsbA==",
          "dependencies": [
            "aws_vpc.ashirt"
          ]
        }
      ]
    },
    {
      "mode": "managed",
      "type": "aws_lb_target_group",
      "name": "frontend",
      "provider": "provider[\"registry.terraform.io/hashicorp/aws\"]",
      "instances": [
        {
          "schema_version": 0,
          "attributes": {
            "arn": "arn:aws:elasticloadbalancing:us-west-2:844591813532:targetgroup/ashirt-frontend-tg/da7f8928d2b352c5",
            "arn_suffix": "targetgroup/ashirt-frontend-tg/da7f8928d2b352c5",
            "deregistration_delay": 300,
            "health_check": [
              {
                "enabled": true,
                "healthy_threshold": 3,
                "interval": 30,
                "matcher": "200",
                "path": "/",
                "port": "traffic-port",
                "protocol": "HTTP",
                "timeout": 5,
                "unhealthy_threshold": 5
              }
            ],
            "id": "arn:aws:elasticloadbalancing:us-west-2:844591813532:targetgroup/ashirt-frontend-tg/da7f8928d2b352c5",
            "lambda_multi_value_headers_enabled": false,
            "load_balancing_algorithm_type": "round_robin",
            "name": "ashirt-frontend-tg",
            "name_prefix": null,
            "port": 8080,
            "preserve_client_ip": null,
            "protocol": "HTTP",
            "protocol_version": "HTTP1",
            "proxy_protocol_v2": false,
            "slow_start": 0,
            "stickiness": [
              {
                "cookie_duration": 86400,
                "cookie_name": "",
                "enabled": false,
                "type": "lb_cookie"
              }
            ],
            "tags": {},
            "tags_all": {},
            "target_type": "ip",
            "vpc_id": "vpc-0d58d33b59fff28d4"
          },
          "sensitive_attributes": [],
          "private": "bnVsbA==",
          "dependencies": [
            "aws_vpc.ashirt"
          ]
        }
      ]
    },
    {
      "mode": "managed",
      "type": "aws_lb_target_group",
      "name": "web",
      "provider": "provider[\"registry.terraform.io/hashicorp/aws\"]",
      "instances": [
        {
          "schema_version": 0,
          "attributes": {
            "arn": "arn:aws:elasticloadbalancing:us-west-2:844591813532:targetgroup/ashirt-web-tg/7284d2af4b93c330",
            "arn_suffix": "targetgroup/ashirt-web-tg/7284d2af4b93c330",
            "deregistration_delay": 300,
            "health_check": [
              {
                "enabled": true,
                "healthy_threshold": 3,
                "interval": 30,
                "matcher": "200,401,404",
                "path": "/",
                "port": "traffic-port",
                "protocol": "HTTP",
                "timeout": 5,
                "unhealthy_threshold": 3
              }
            ],
            "id": "arn:aws:elasticloadbalancing:us-west-2:844591813532:targetgroup/ashirt-web-tg/7284d2af4b93c330",
            "lambda_multi_value_headers_enabled": false,
            "load_balancing_algorithm_type": "round_robin",
            "name": "ashirt-web-tg",
            "name_prefix": null,
            "port": 8000,
            "preserve_client_ip": null,
            "protocol": "HTTP",
            "protocol_version": "HTTP1",
            "proxy_protocol_v2": false,
            "slow_start": 0,
            "stickiness": [
              {
                "cookie_duration": 86400,
                "cookie_name": "",
                "enabled": false,
                "type": "lb_cookie"
              }
            ],
            "tags": {},
            "tags_all": {},
            "target_type": "ip",
            "vpc_id": "vpc-0d58d33b59fff28d4"
          },
          "sensitive_attributes": [],
          "private": "bnVsbA==",
          "dependencies": [
            "aws_vpc.ashirt"
          ]
        }
      ]
    },
    {
      "mode": "managed",
      "type": "aws_rds_cluster",
      "name": "ashirt",
      "provider": "provider[\"registry.terraform.io/hashicorp/aws\"]",
      "instances": [
        {
          "schema_version": 0,
          "attributes": {
            "allow_major_version_upgrade": null,
            "apply_immediately": null,
            "arn": "arn:aws:rds:us-west-2:844591813532:cluster:ashirt",
            "availability_zones": [
              "us-west-2a",
              "us-west-2b",
              "us-west-2c"
            ],
            "backtrack_window": 0,
            "backup_retention_period": 5,
            "cluster_identifier": "ashirt",
            "cluster_identifier_prefix": null,
            "cluster_members": [],
            "cluster_resource_id": "cluster-BOQOI26NUUH2AUGJSVTRRGUEFU",
            "copy_tags_to_snapshot": false,
            "database_name": "ashirt",
            "db_cluster_parameter_group_name": "default.aurora-mysql5.7",
            "db_subnet_group_name": "ashirt-main",
            "deletion_protection": false,
            "enable_http_endpoint": false,
            "enabled_cloudwatch_logs_exports": [],
            "endpoint": "ashirt.cluster-cepp7nckbvii.us-west-2.rds.amazonaws.com",
            "engine": "aurora-mysql",
            "engine_mode": "serverless",
            "engine_version": "5.7.mysql_aurora.2.07.1",
            "engine_version_actual": "5.7.mysql_aurora.2.07.1",
            "final_snapshot_identifier": "ashirt-2021-09-17-00-35",
            "global_cluster_identifier": "",
            "hosted_zone_id": "Z1PVIF0B656C1W",
            "iam_database_authentication_enabled": false,
            "iam_roles": [],
            "id": "ashirt",
            "kms_key_id": "arn:aws:kms:us-west-2:844591813532:key/036ad3d2-66ca-4511-abfb-659186d0a92b",
            "master_password": "ashirt_is_the_best",
            "master_username": "ashirt",
            "port": 3306,
            "preferred_backup_window": "07:00-09:00",
            "preferred_maintenance_window": "fri:10:36-fri:11:06",
            "reader_endpoint": "",
            "replication_source_identifier": "",
            "restore_to_point_in_time": [],
            "s3_import": [],
            "scaling_configuration": [
              {
                "auto_pause": true,
                "max_capacity": 16,
                "min_capacity": 1,
                "seconds_until_auto_pause": 300,
                "timeout_action": "RollbackCapacityChange"
              }
            ],
            "skip_final_snapshot": false,
            "snapshot_identifier": null,
            "source_region": null,
            "storage_encrypted": true,
            "tags": {},
            "tags_all": {},
            "timeouts": null,
            "vpc_security_group_ids": [
              "sg-0936cdb5d663069de"
            ]
          },
          "sensitive_attributes": [],
          "private": "eyJlMmJmYjczMC1lY2FhLTExZTYtOGY4OC0zNDM2M2JjN2M0YzAiOnsiY3JlYXRlIjo3MjAwMDAwMDAwMDAwLCJkZWxldGUiOjcyMDAwMDAwMDAwMDAsInVwZGF0ZSI6NzIwMDAwMDAwMDAwMH19",
          "dependencies": [
            "aws_db_subnet_group.default",
            "aws_kms_key.ashirt",
            "aws_security_group.rds"
          ]
        }
      ]
    },
    {
      "mode": "managed",
      "type": "aws_route",
      "name": "internet_access",
      "provider": "provider[\"registry.terraform.io/hashicorp/aws\"]",
      "instances": [
        {
          "schema_version": 0,
          "attributes": {
            "carrier_gateway_id": "",
            "destination_cidr_block": "0.0.0.0/0",
            "destination_ipv6_cidr_block": "",
            "destination_prefix_list_id": "",
            "egress_only_gateway_id": "",
            "gateway_id": "igw-05d0670a767656703",
            "id": "r-rtb-0e416675fb6b7312a1080289494",
            "instance_id": "",
            "instance_owner_id": "",
            "local_gateway_id": "",
            "nat_gateway_id": "",
            "network_interface_id": "",
            "origin": "CreateRoute",
            "route_table_id": "rtb-0e416675fb6b7312a",
            "state": "active",
            "timeouts": null,
            "transit_gateway_id": "",
            "vpc_endpoint_id": "",
            "vpc_peering_connection_id": ""
          },
          "sensitive_attributes": [],
          "private": "eyJlMmJmYjczMC1lY2FhLTExZTYtOGY4OC0zNDM2M2JjN2M0YzAiOnsiY3JlYXRlIjoxMjAwMDAwMDAwMDAsImRlbGV0ZSI6MzAwMDAwMDAwMDAwfX0=",
          "dependencies": [
            "aws_internet_gateway.igw",
            "aws_vpc.ashirt"
          ]
        }
      ]
    },
    {
      "mode": "managed",
      "type": "aws_route53_record",
      "name": "api",
      "provider": "provider[\"registry.terraform.io/hashicorp/aws\"]",
      "instances": [
        {
          "schema_version": 2,
          "attributes": {
            "alias": [],
            "allow_overwrite": null,
            "failover_routing_policy": [],
            "fqdn": "api.rapidhax.com",
            "geolocation_routing_policy": [],
            "health_check_id": "",
            "id": "Z08216012IGUI3X4YIW95_api.rapidhax.com_CNAME",
            "latency_routing_policy": [],
            "multivalue_answer_routing_policy": null,
            "name": "api.rapidhax.com",
            "records": [
              "ashirt-api-213360097.us-west-2.elb.amazonaws.com"
            ],
            "set_identifier": "",
            "ttl": 300,
            "type": "CNAME",
            "weighted_routing_policy": [],
            "zone_id": "Z08216012IGUI3X4YIW95"
          },
          "sensitive_attributes": [],
          "private": "eyJzY2hlbWFfdmVyc2lvbiI6IjIifQ==",
          "dependencies": [
            "aws_vpc.ashirt",
            "data.aws_availability_zones.az",
            "data.aws_route53_zone.ashirt",
            "aws_lb.api",
            "aws_security_group.api-lb",
            "aws_subnet.public"
          ]
        }
      ]
    },
    {
      "mode": "managed",
      "type": "aws_route53_record",
      "name": "ashirt-cert",
      "provider": "provider[\"registry.terraform.io/hashicorp/aws\"]",
      "instances": [
        {
          "index_key": "*.rapidhax.com",
          "schema_version": 2,
          "attributes": {
            "alias": [],
            "allow_overwrite": true,
            "failover_routing_policy": [],
            "fqdn": "_0d98d8330593f7fad9ae6c9e70331f69.rapidhax.com",
            "geolocation_routing_policy": [],
            "health_check_id": "",
            "id": "Z08216012IGUI3X4YIW95__0d98d8330593f7fad9ae6c9e70331f69.rapidhax.com._CNAME",
            "latency_routing_policy": [],
            "multivalue_answer_routing_policy": null,
            "name": "_0d98d8330593f7fad9ae6c9e70331f69.rapidhax.com",
            "records": [
              "_4c46c0473cae54e6b051c7d4cc4240d8.lkwmzfhcjn.acm-validations.aws."
            ],
            "set_identifier": "",
            "ttl": 60,
            "type": "CNAME",
            "weighted_routing_policy": [],
            "zone_id": "Z08216012IGUI3X4YIW95"
          },
          "sensitive_attributes": [],
          "private": "eyJzY2hlbWFfdmVyc2lvbiI6IjIifQ==",
          "dependencies": [
            "aws_acm_certificate.ashirt",
            "data.aws_route53_zone.ashirt"
          ]
        }
      ]
    },
    {
      "mode": "managed",
      "type": "aws_route53_record",
      "name": "frontend",
      "provider": "provider[\"registry.terraform.io/hashicorp/aws\"]",
      "instances": [
        {
          "schema_version": 2,
          "attributes": {
            "alias": [],
            "allow_overwrite": null,
            "failover_routing_policy": [],
            "fqdn": "ashirt.rapidhax.com",
            "geolocation_routing_policy": [],
            "health_check_id": "",
            "id": "Z08216012IGUI3X4YIW95_ashirt.rapidhax.com_CNAME",
            "latency_routing_policy": [],
            "multivalue_answer_routing_policy": null,
            "name": "ashirt.rapidhax.com",
            "records": [
              "ashirt-frontend-2059858946.us-west-2.elb.amazonaws.com"
            ],
            "set_identifier": "",
            "ttl": 300,
            "type": "CNAME",
            "weighted_routing_policy": [],
            "zone_id": "Z08216012IGUI3X4YIW95"
          },
          "sensitive_attributes": [],
          "private": "eyJzY2hlbWFfdmVyc2lvbiI6IjIifQ==",
          "dependencies": [
            "aws_subnet.public",
            "aws_vpc.ashirt",
            "data.aws_availability_zones.az",
            "data.aws_route53_zone.ashirt",
            "aws_lb.frontend",
            "aws_security_group.frontend-lb"
          ]
        }
      ]
    },
    {
      "mode": "managed",
      "type": "aws_s3_bucket",
      "name": "data",
      "provider": "provider[\"registry.terraform.io/hashicorp/aws\"]",
      "instances": [
        {
          "schema_version": 0,
          "attributes": {
            "acceleration_status": "",
            "acl": "private",
            "arn": "arn:aws:s3:::my-ashirt-data",
            "bucket": "my-ashirt-data",
            "bucket_domain_name": "my-ashirt-data.s3.amazonaws.com",
            "bucket_prefix": null,
            "bucket_regional_domain_name": "my-ashirt-data.s3.us-west-2.amazonaws.com",
            "cors_rule": [],
            "force_destroy": true,
            "grant": [],
            "hosted_zone_id": "Z3BJ6K6RIION7M",
            "id": "my-ashirt-data",
            "lifecycle_rule": [],
            "logging": [],
            "object_lock_configuration": [],
            "policy": null,
            "region": "us-west-2",
            "replication_configuration": [],
            "request_payer": "BucketOwner",
            "server_side_encryption_configuration": [],
            "tags": {
              "Name": "ashirt-data"
            },
            "tags_all": {
              "Name": "ashirt-data"
            },
            "versioning": [
              {
                "enabled": false,
                "mfa_delete": false
              }
            ],
            "website": [],
            "website_domain": null,
            "website_endpoint": null
          },
          "sensitive_attributes": [],
          "private": "bnVsbA==",
          "dependencies": [
            "aws_kms_key.ashirt"
          ]
        }
      ]
    },
    {
      "mode": "managed",
      "type": "aws_s3_bucket",
      "name": "env",
      "provider": "provider[\"registry.terraform.io/hashicorp/aws\"]",
      "instances": [
        {
          "schema_version": 0,
          "attributes": {
            "acceleration_status": "",
            "acl": "private",
            "arn": "arn:aws:s3:::my-ashirt-env",
            "bucket": "my-ashirt-env",
            "bucket_domain_name": "my-ashirt-env.s3.amazonaws.com",
            "bucket_prefix": null,
            "bucket_regional_domain_name": "my-ashirt-env.s3.us-west-2.amazonaws.com",
            "cors_rule": [],
            "force_destroy": false,
            "grant": [],
            "hosted_zone_id": "Z3BJ6K6RIION7M",
            "id": "my-ashirt-env",
            "lifecycle_rule": [],
            "logging": [],
            "object_lock_configuration": [],
            "policy": null,
            "region": "us-west-2",
            "replication_configuration": [],
            "request_payer": "BucketOwner",
            "server_side_encryption_configuration": [],
            "tags": {
              "Name": "ashirt-env"
            },
            "tags_all": {
              "Name": "ashirt-env"
            },
            "versioning": [
              {
                "enabled": false,
                "mfa_delete": false
              }
            ],
            "website": [],
            "website_domain": null,
            "website_endpoint": null
          },
          "sensitive_attributes": [],
          "private": "bnVsbA==",
          "dependencies": [
            "aws_kms_key.ashirt"
          ]
        }
      ]
    },
    {
      "mode": "managed",
      "type": "aws_s3_bucket_object",
      "name": "appenv",
      "provider": "provider[\"registry.terraform.io/hashicorp/aws\"]",
      "instances": [
        {
          "schema_version": 0,
          "attributes": {
            "acl": "private",
            "bucket": "my-ashirt-env",
            "bucket_key_enabled": false,
            "cache_control": "",
            "content": "APP_PORT=8000\nAPP_IMGSTORE_BUCKET_NAME=my-ashirt-data\nAPP_IMGSTORE_REGION=us-west-2",
            "content_base64": null,
            "content_disposition": "",
            "content_encoding": "",
            "content_language": "",
            "content_type": "binary/octet-stream",
            "etag": "8ce78352173590e77423ea3b904bfaec",
            "force_destroy": false,
            "id": "app/.env",
            "key": "app/.env",
            "kms_key_id": null,
            "metadata": {},
            "object_lock_legal_hold_status": "",
            "object_lock_mode": "",
            "object_lock_retain_until_date": "",
            "server_side_encryption": "",
            "source": null,
            "source_hash": null,
            "storage_class": "STANDARD",
            "tags": {},
            "tags_all": {},
            "version_id": "",
            "website_redirect": ""
          },
          "sensitive_attributes": [],
          "private": "bnVsbA==",
          "dependencies": [
            "aws_kms_key.ashirt",
            "aws_s3_bucket.env"
          ]
        }
      ]
    },
    {
      "mode": "managed",
      "type": "aws_s3_bucket_object",
      "name": "dbenv",
      "provider": "provider[\"registry.terraform.io/hashicorp/aws\"]",
      "instances": [
        {
          "schema_version": 0,
          "attributes": {
            "acl": "private",
            "bucket": "my-ashirt-env",
            "bucket_key_enabled": false,
            "cache_control": "",
            "content": "DB_URI=ashirt:ashirt_is_the_best@tcp(ashirt.cluster-cepp7nckbvii.us-west-2.rds.amazonaws.com:3306)/ashirt",
            "content_base64": null,
            "content_disposition": "",
            "content_encoding": "",
            "content_language": "",
            "content_type": "binary/octet-stream",
            "etag": "e633afb2ea907514b8b328157e1e6bc5",
            "force_destroy": false,
            "id": "db/.env",
            "key": "db/.env",
            "kms_key_id": null,
            "metadata": {},
            "object_lock_legal_hold_status": "",
            "object_lock_mode": "",
            "object_lock_retain_until_date": "",
            "server_side_encryption": "",
            "source": null,
            "source_hash": null,
            "storage_class": "STANDARD",
            "tags": {},
            "tags_all": {},
            "version_id": "",
            "website_redirect": ""
          },
          "sensitive_attributes": [],
          "private": "bnVsbA==",
          "dependencies": [
            "aws_kms_key.ashirt",
            "aws_rds_cluster.ashirt",
            "aws_subnet.public",
            "aws_subnet.private",
            "aws_vpc.ashirt",
            "data.aws_availability_zones.az",
            "aws_db_subnet_group.default",
            "aws_s3_bucket.env",
            "aws_security_group.rds"
          ]
        }
      ]
    },
    {
      "mode": "managed",
      "type": "aws_s3_bucket_object",
      "name": "webenv",
      "provider": "provider[\"registry.terraform.io/hashicorp/aws\"]",
      "instances": [
        {
          "schema_version": 0,
          "attributes": {
            "acl": "private",
            "bucket": "my-ashirt-env",
            "bucket_key_enabled": false,
            "cache_control": "",
            "content": null,
            "content_base64": null,
            "content_disposition": "",
            "content_encoding": "",
            "content_language": "",
            "content_type": "binary/octet-stream",
            "etag": "98b4490974728a1e3aca50e8bc87f911",
            "force_destroy": false,
            "id": "web/.env",
            "key": "web/.env",
            "kms_key_id": null,
            "metadata": {},
            "object_lock_legal_hold_status": "",
            "object_lock_mode": "",
            "object_lock_retain_until_date": "",
            "server_side_encryption": "",
            "source": ".env.web",
            "source_hash": null,
            "storage_class": "STANDARD",
            "tags": {},
            "tags_all": {},
            "version_id": "",
            "website_redirect": ""
          },
          "sensitive_attributes": [],
          "private": "bnVsbA==",
          "dependencies": [
            "aws_kms_key.ashirt",
            "aws_s3_bucket.env"
          ]
        }
      ]
    },
    {
      "mode": "managed",
      "type": "aws_security_group",
      "name": "api-ecs",
      "provider": "provider[\"registry.terraform.io/hashicorp/aws\"]",
      "instances": [
        {
          "schema_version": 1,
          "attributes": {
            "arn": "arn:aws:ec2:us-west-2:844591813532:security-group/sg-0248f59b3f06f8e30",
            "description": "allow traffic to ecs",
            "egress": [
              {
                "cidr_blocks": [
                  "0.0.0.0/0"
                ],
                "description": "",
                "from_port": 0,
                "ipv6_cidr_blocks": [],
                "prefix_list_ids": [],
                "protocol": "-1",
                "security_groups": [],
                "self": false,
                "to_port": 0
              }
            ],
            "id": "sg-0248f59b3f06f8e30",
            "ingress": [
              {
                "cidr_blocks": [],
                "description": "",
                "from_port": 8000,
                "ipv6_cidr_blocks": [],
                "prefix_list_ids": [],
                "protocol": "tcp",
                "security_groups": [
                  "sg-0ec1a88512dd73b9b"
                ],
                "self": false,
                "to_port": 8000
              }
            ],
            "name": "ashirt-api-ecs",
            "name_prefix": "",
            "owner_id": "844591813532",
            "revoke_rules_on_delete": false,
            "tags": {},
            "tags_all": {},
            "timeouts": null,
            "vpc_id": "vpc-0d58d33b59fff28d4"
          },
          "sensitive_attributes": [],
          "private": "eyJlMmJmYjczMC1lY2FhLTExZTYtOGY4OC0zNDM2M2JjN2M0YzAiOnsiY3JlYXRlIjo2MDAwMDAwMDAwMDAsImRlbGV0ZSI6OTAwMDAwMDAwMDAwfSwic2NoZW1hX3ZlcnNpb24iOiIxIn0=",
          "dependencies": [
            "aws_vpc.ashirt"
          ]
        }
      ]
    },
    {
      "mode": "managed",
      "type": "aws_security_group",
      "name": "api-lb",
      "provider": "provider[\"registry.terraform.io/hashicorp/aws\"]",
      "instances": [
        {
          "schema_version": 1,
          "attributes": {
            "arn": "arn:aws:ec2:us-west-2:844591813532:security-group/sg-0ec1a88512dd73b9b",
            "description": "Allow TLS inbound traffic",
            "egress": [
              {
                "cidr_blocks": [
                  "0.0.0.0/0"
                ],
                "description": "",
                "from_port": 0,
                "ipv6_cidr_blocks": [],
                "prefix_list_ids": [],
                "protocol": "-1",
                "security_groups": [],
                "self": false,
                "to_port": 0
              }
            ],
            "id": "sg-0ec1a88512dd73b9b",
            "ingress": [
              {
                "cidr_blocks": [
                  "0.0.0.0/0"
                ],
                "description": "",
                "from_port": 443,
                "ipv6_cidr_blocks": [],
                "prefix_list_ids": [],
                "protocol": "tcp",
                "security_groups": [],
                "self": false,
                "to_port": 443
              }
            ],
            "name": "ashirt-api-lb",
            "name_prefix": "",
            "owner_id": "844591813532",
            "revoke_rules_on_delete": false,
            "tags": {
              "Name": "ashirt-api-sg"
            },
            "tags_all": {
              "Name": "ashirt-api-sg"
            },
            "timeouts": null,
            "vpc_id": "vpc-0d58d33b59fff28d4"
          },
          "sensitive_attributes": [],
          "private": "eyJlMmJmYjczMC1lY2FhLTExZTYtOGY4OC0zNDM2M2JjN2M0YzAiOnsiY3JlYXRlIjo2MDAwMDAwMDAwMDAsImRlbGV0ZSI6OTAwMDAwMDAwMDAwfSwic2NoZW1hX3ZlcnNpb24iOiIxIn0=",
          "dependencies": [
            "aws_vpc.ashirt"
          ]
        }
      ]
    },
    {
      "mode": "managed",
      "type": "aws_security_group",
      "name": "frontend-ecs",
      "provider": "provider[\"registry.terraform.io/hashicorp/aws\"]",
      "instances": [
        {
          "schema_version": 1,
          "attributes": {
            "arn": "arn:aws:ec2:us-west-2:844591813532:security-group/sg-0a6e83d025447375e",
            "description": "allow traffic to ecs",
            "egress": [
              {
                "cidr_blocks": [
                  "0.0.0.0/0"
                ],
                "description": "",
                "from_port": 0,
                "ipv6_cidr_blocks": [],
                "prefix_list_ids": [],
                "protocol": "-1",
                "security_groups": [],
                "self": false,
                "to_port": 0
              }
            ],
            "id": "sg-0a6e83d025447375e",
            "ingress": [
              {
                "cidr_blocks": [],
                "description": "",
                "from_port": 8080,
                "ipv6_cidr_blocks": [],
                "prefix_list_ids": [],
                "protocol": "tcp",
                "security_groups": [
                  "sg-097b9f6fa6e012f0d"
                ],
                "self": false,
                "to_port": 8080
              }
            ],
            "name": "ashirt-frontend-ecs",
            "name_prefix": "",
            "owner_id": "844591813532",
            "revoke_rules_on_delete": false,
            "tags": {},
            "tags_all": {},
            "timeouts": null,
            "vpc_id": "vpc-0d58d33b59fff28d4"
          },
          "sensitive_attributes": [],
          "private": "eyJlMmJmYjczMC1lY2FhLTExZTYtOGY4OC0zNDM2M2JjN2M0YzAiOnsiY3JlYXRlIjo2MDAwMDAwMDAwMDAsImRlbGV0ZSI6OTAwMDAwMDAwMDAwfSwic2NoZW1hX3ZlcnNpb24iOiIxIn0=",
          "dependencies": [
            "aws_vpc.ashirt"
          ]
        }
      ]
    },
    {
      "mode": "managed",
      "type": "aws_security_group",
      "name": "frontend-lb",
      "provider": "provider[\"registry.terraform.io/hashicorp/aws\"]",
      "instances": [
        {
          "schema_version": 1,
          "attributes": {
            "arn": "arn:aws:ec2:us-west-2:844591813532:security-group/sg-097b9f6fa6e012f0d",
            "description": "Allow TLS inbound traffic to frontend",
            "egress": [
              {
                "cidr_blocks": [
                  "0.0.0.0/0"
                ],
                "description": "",
                "from_port": 0,
                "ipv6_cidr_blocks": [],
                "prefix_list_ids": [],
                "protocol": "-1",
                "security_groups": [],
                "self": false,
                "to_port": 0
              }
            ],
            "id": "sg-097b9f6fa6e012f0d",
            "ingress": [
              {
                "cidr_blocks": [
                  "0.0.0.0/0"
                ],
                "description": "",
                "from_port": 443,
                "ipv6_cidr_blocks": [],
                "prefix_list_ids": [],
                "protocol": "tcp",
                "security_groups": [],
                "self": false,
                "to_port": 443
              }
            ],
            "name": "ashirt-frontend-lb",
            "name_prefix": "",
            "owner_id": "844591813532",
            "revoke_rules_on_delete": false,
            "tags": {
              "Name": "ashirt-frontend-sg"
            },
            "tags_all": {
              "Name": "ashirt-frontend-sg"
            },
            "timeouts": null,
            "vpc_id": "vpc-0d58d33b59fff28d4"
          },
          "sensitive_attributes": [],
          "private": "eyJlMmJmYjczMC1lY2FhLTExZTYtOGY4OC0zNDM2M2JjN2M0YzAiOnsiY3JlYXRlIjo2MDAwMDAwMDAwMDAsImRlbGV0ZSI6OTAwMDAwMDAwMDAwfSwic2NoZW1hX3ZlcnNpb24iOiIxIn0=",
          "dependencies": [
            "aws_vpc.ashirt"
          ]
        }
      ]
    },
    {
      "mode": "managed",
      "type": "aws_security_group",
      "name": "rds",
      "provider": "provider[\"registry.terraform.io/hashicorp/aws\"]",
      "instances": [
        {
          "schema_version": 1,
          "attributes": {
            "arn": "arn:aws:ec2:us-west-2:844591813532:security-group/sg-0936cdb5d663069de",
            "description": "allow traffic to rds",
            "egress": [],
            "id": "sg-0936cdb5d663069de",
            "ingress": [
              {
                "cidr_blocks": [],
                "description": "",
                "from_port": 3306,
                "ipv6_cidr_blocks": [],
                "prefix_list_ids": [],
                "protocol": "tcp",
                "security_groups": [
                  "sg-0248f59b3f06f8e30",
                  "sg-0e73d65c726e73010"
                ],
                "self": false,
                "to_port": 3306
              }
            ],
            "name": "ashirt-ashirt-rds",
            "name_prefix": "",
            "owner_id": "844591813532",
            "revoke_rules_on_delete": false,
            "tags": {},
            "tags_all": {},
            "timeouts": null,
            "vpc_id": "vpc-0d58d33b59fff28d4"
          },
          "sensitive_attributes": [],
          "private": "eyJlMmJmYjczMC1lY2FhLTExZTYtOGY4OC0zNDM2M2JjN2M0YzAiOnsiY3JlYXRlIjo2MDAwMDAwMDAwMDAsImRlbGV0ZSI6OTAwMDAwMDAwMDAwfSwic2NoZW1hX3ZlcnNpb24iOiIxIn0=",
          "dependencies": [
            "aws_vpc.ashirt"
          ]
        }
      ]
    },
    {
      "mode": "managed",
      "type": "aws_security_group",
      "name": "web-ecs",
      "provider": "provider[\"registry.terraform.io/hashicorp/aws\"]",
      "instances": [
        {
          "schema_version": 1,
          "attributes": {
            "arn": "arn:aws:ec2:us-west-2:844591813532:security-group/sg-0e73d65c726e73010",
            "description": "allow traffic to ecs",
            "egress": [
              {
                "cidr_blocks": [
                  "0.0.0.0/0"
                ],
                "description": "",
                "from_port": 0,
                "ipv6_cidr_blocks": [],
                "prefix_list_ids": [],
                "protocol": "-1",
                "security_groups": [],
                "self": false,
                "to_port": 0
              }
            ],
            "id": "sg-0e73d65c726e73010",
            "ingress": [
              {
                "cidr_blocks": [],
                "description": "",
                "from_port": 8000,
                "ipv6_cidr_blocks": [],
                "prefix_list_ids": [],
                "protocol": "tcp",
                "security_groups": [
                  "sg-050d8e3e42e397d47"
                ],
                "self": false,
                "to_port": 8000
              }
            ],
            "name": "ashirt-web-ecs",
            "name_prefix": "",
            "owner_id": "844591813532",
            "revoke_rules_on_delete": false,
            "tags": {},
            "tags_all": {},
            "timeouts": null,
            "vpc_id": "vpc-0d58d33b59fff28d4"
          },
          "sensitive_attributes": [],
          "private": "eyJlMmJmYjczMC1lY2FhLTExZTYtOGY4OC0zNDM2M2JjN2M0YzAiOnsiY3JlYXRlIjo2MDAwMDAwMDAwMDAsImRlbGV0ZSI6OTAwMDAwMDAwMDAwfSwic2NoZW1hX3ZlcnNpb24iOiIxIn0=",
          "dependencies": [
            "aws_vpc.ashirt"
          ]
        }
      ]
    },
    {
      "mode": "managed",
      "type": "aws_security_group",
      "name": "web-lb",
      "provider": "provider[\"registry.terraform.io/hashicorp/aws\"]",
      "instances": [
        {
          "schema_version": 1,
          "attributes": {
            "arn": "arn:aws:ec2:us-west-2:844591813532:security-group/sg-050d8e3e42e397d47",
            "description": "Allow TLS inbound traffic",
            "egress": [
              {
                "cidr_blocks": [
                  "0.0.0.0/0"
                ],
                "description": "",
                "from_port": 0,
                "ipv6_cidr_blocks": [],
                "prefix_list_ids": [],
                "protocol": "-1",
                "security_groups": [],
                "self": false,
                "to_port": 0
              }
            ],
            "id": "sg-050d8e3e42e397d47",
            "ingress": [
              {
                "cidr_blocks": [],
                "description": "",
                "from_port": 8000,
                "ipv6_cidr_blocks": [],
                "prefix_list_ids": [],
                "protocol": "tcp",
                "security_groups": [
                  "sg-0a6e83d025447375e"
                ],
                "self": false,
                "to_port": 8000
              }
            ],
            "name": "ashirt-web-lb",
            "name_prefix": "",
            "owner_id": "844591813532",
            "revoke_rules_on_delete": false,
            "tags": {
              "Name": "ashirt-web-sg"
            },
            "tags_all": {
              "Name": "ashirt-web-sg"
            },
            "timeouts": null,
            "vpc_id": "vpc-0d58d33b59fff28d4"
          },
          "sensitive_attributes": [],
          "private": "eyJlMmJmYjczMC1lY2FhLTExZTYtOGY4OC0zNDM2M2JjN2M0YzAiOnsiY3JlYXRlIjo2MDAwMDAwMDAwMDAsImRlbGV0ZSI6OTAwMDAwMDAwMDAwfSwic2NoZW1hX3ZlcnNpb24iOiIxIn0=",
          "dependencies": [
            "aws_vpc.ashirt"
          ]
        }
      ]
    },
    {
      "mode": "managed",
      "type": "aws_security_group_rule",
      "name": "allow-api-rds",
      "provider": "provider[\"registry.terraform.io/hashicorp/aws\"]",
      "instances": [
        {
          "schema_version": 2,
          "attributes": {
            "cidr_blocks": [],
            "description": "",
            "from_port": 3306,
            "id": "sgrule-2356629414",
            "ipv6_cidr_blocks": [],
            "prefix_list_ids": [],
            "protocol": "tcp",
            "security_group_id": "sg-0936cdb5d663069de",
            "self": false,
            "source_security_group_id": "sg-0248f59b3f06f8e30",
            "to_port": 3306,
            "type": "ingress"
          },
          "sensitive_attributes": [],
          "private": "eyJzY2hlbWFfdmVyc2lvbiI6IjIifQ==",
          "dependencies": [
            "aws_security_group.api-ecs",
            "aws_security_group.rds",
            "aws_vpc.ashirt"
          ]
        }
      ]
    },
    {
      "mode": "managed",
      "type": "aws_security_group_rule",
      "name": "allow-egress-api-ecs",
      "provider": "provider[\"registry.terraform.io/hashicorp/aws\"]",
      "instances": [
        {
          "schema_version": 2,
          "attributes": {
            "cidr_blocks": [
              "0.0.0.0/0"
            ],
            "description": "",
            "from_port": 0,
            "id": "sgrule-214136005",
            "ipv6_cidr_blocks": [],
            "prefix_list_ids": [],
            "protocol": "-1",
            "security_group_id": "sg-0248f59b3f06f8e30",
            "self": false,
            "source_security_group_id": null,
            "to_port": 0,
            "type": "egress"
          },
          "sensitive_attributes": [],
          "private": "eyJzY2hlbWFfdmVyc2lvbiI6IjIifQ==",
          "dependencies": [
            "aws_security_group.api-ecs",
            "aws_vpc.ashirt"
          ]
        }
      ]
    },
    {
      "mode": "managed",
      "type": "aws_security_group_rule",
      "name": "allow-egress-api-lb",
      "provider": "provider[\"registry.terraform.io/hashicorp/aws\"]",
      "instances": [
        {
          "schema_version": 2,
          "attributes": {
            "cidr_blocks": [
              "0.0.0.0/0"
            ],
            "description": "",
            "from_port": 0,
            "id": "sgrule-1268413328",
            "ipv6_cidr_blocks": [],
            "prefix_list_ids": [],
            "protocol": "-1",
            "security_group_id": "sg-0ec1a88512dd73b9b",
            "self": false,
            "source_security_group_id": null,
            "to_port": 0,
            "type": "egress"
          },
          "sensitive_attributes": [],
          "private": "eyJzY2hlbWFfdmVyc2lvbiI6IjIifQ==",
          "dependencies": [
            "aws_security_group.api-lb",
            "aws_vpc.ashirt"
          ]
        }
      ]
    },
    {
      "mode": "managed",
      "type": "aws_security_group_rule",
      "name": "allow-egress-frontend-ecs",
      "provider": "provider[\"registry.terraform.io/hashicorp/aws\"]",
      "instances": [
        {
          "schema_version": 2,
          "attributes": {
            "cidr_blocks": [
              "0.0.0.0/0"
            ],
            "description": "",
            "from_port": 0,
            "id": "sgrule-25720821",
            "ipv6_cidr_blocks": [],
            "prefix_list_ids": [],
            "protocol": "-1",
            "security_group_id": "sg-0a6e83d025447375e",
            "self": false,
            "source_security_group_id": null,
            "to_port": 0,
            "type": "egress"
          },
          "sensitive_attributes": [],
          "private": "eyJzY2hlbWFfdmVyc2lvbiI6IjIifQ==",
          "dependencies": [
            "aws_security_group.frontend-ecs",
            "aws_vpc.ashirt"
          ]
        }
      ]
    },
    {
      "mode": "managed",
      "type": "aws_security_group_rule",
      "name": "allow-egress-frontend-lb",
      "provider": "provider[\"registry.terraform.io/hashicorp/aws\"]",
      "instances": [
        {
          "schema_version": 2,
          "attributes": {
            "cidr_blocks": [
              "0.0.0.0/0"
            ],
            "description": "",
            "from_port": 0,
            "id": "sgrule-2102120784",
            "ipv6_cidr_blocks": [],
            "prefix_list_ids": [],
            "protocol": "-1",
            "security_group_id": "sg-097b9f6fa6e012f0d",
            "self": false,
            "source_security_group_id": null,
            "to_port": 0,
            "type": "egress"
          },
          "sensitive_attributes": [],
          "private": "eyJzY2hlbWFfdmVyc2lvbiI6IjIifQ==",
          "dependencies": [
            "aws_vpc.ashirt",
            "aws_security_group.frontend-lb"
          ]
        }
      ]
    },
    {
      "mode": "managed",
      "type": "aws_security_group_rule",
      "name": "allow-egress-web-ecs",
      "provider": "provider[\"registry.terraform.io/hashicorp/aws\"]",
      "instances": [
        {
          "schema_version": 2,
          "attributes": {
            "cidr_blocks": [
              "0.0.0.0/0"
            ],
            "description": "",
            "from_port": 0,
            "id": "sgrule-1917544697",
            "ipv6_cidr_blocks": [],
            "prefix_list_ids": [],
            "protocol": "-1",
            "security_group_id": "sg-0e73d65c726e73010",
            "self": false,
            "source_security_group_id": null,
            "to_port": 0,
            "type": "egress"
          },
          "sensitive_attributes": [],
          "private": "eyJzY2hlbWFfdmVyc2lvbiI6IjIifQ==",
          "dependencies": [
            "aws_security_group.web-ecs",
            "aws_vpc.ashirt"
          ]
        }
      ]
    },
    {
      "mode": "managed",
      "type": "aws_security_group_rule",
      "name": "allow-egress-web-lb",
      "provider": "provider[\"registry.terraform.io/hashicorp/aws\"]",
      "instances": [
        {
          "schema_version": 2,
          "attributes": {
            "cidr_blocks": [
              "0.0.0.0/0"
            ],
            "description": "",
            "from_port": 0,
            "id": "sgrule-2058944825",
            "ipv6_cidr_blocks": [],
            "prefix_list_ids": [],
            "protocol": "-1",
            "security_group_id": "sg-050d8e3e42e397d47",
            "self": false,
            "source_security_group_id": null,
            "to_port": 0,
            "type": "egress"
          },
          "sensitive_attributes": [],
          "private": "eyJzY2hlbWFfdmVyc2lvbiI6IjIifQ==",
          "dependencies": [
            "aws_security_group.web-lb",
            "aws_vpc.ashirt"
          ]
        }
      ]
    },
    {
      "mode": "managed",
      "type": "aws_security_group_rule",
      "name": "allow-ingress-api-ecs",
      "provider": "provider[\"registry.terraform.io/hashicorp/aws\"]",
      "instances": [
        {
          "schema_version": 2,
          "attributes": {
            "cidr_blocks": [],
            "description": "",
            "from_port": 8000,
            "id": "sgrule-1304192661",
            "ipv6_cidr_blocks": [],
            "prefix_list_ids": [],
            "protocol": "tcp",
            "security_group_id": "sg-0248f59b3f06f8e30",
            "self": false,
            "source_security_group_id": "sg-0ec1a88512dd73b9b",
            "to_port": 8000,
            "type": "ingress"
          },
          "sensitive_attributes": [],
          "private": "eyJzY2hlbWFfdmVyc2lvbiI6IjIifQ==",
          "dependencies": [
            "aws_security_group.api-ecs",
            "aws_security_group.api-lb",
            "aws_vpc.ashirt"
          ]
        }
      ]
    },
    {
      "mode": "managed",
      "type": "aws_security_group_rule",
      "name": "allow-ingress-api-lb",
      "provider": "provider[\"registry.terraform.io/hashicorp/aws\"]",
      "instances": [
        {
          "schema_version": 2,
          "attributes": {
            "cidr_blocks": [
              "0.0.0.0/0"
            ],
            "description": "",
            "from_port": 443,
            "id": "sgrule-468258243",
            "ipv6_cidr_blocks": [],
            "prefix_list_ids": [],
            "protocol": "tcp",
            "security_group_id": "sg-0ec1a88512dd73b9b",
            "self": false,
            "source_security_group_id": null,
            "to_port": 443,
            "type": "ingress"
          },
          "sensitive_attributes": [],
          "private": "eyJzY2hlbWFfdmVyc2lvbiI6IjIifQ==",
          "dependencies": [
            "aws_security_group.api-lb",
            "aws_vpc.ashirt"
          ]
        }
      ]
    },
    {
      "mode": "managed",
      "type": "aws_security_group_rule",
      "name": "allow-ingress-frontend-ecs",
      "provider": "provider[\"registry.terraform.io/hashicorp/aws\"]",
      "instances": [
        {
          "schema_version": 2,
          "attributes": {
            "cidr_blocks": [],
            "description": "",
            "from_port": 8080,
            "id": "sgrule-1382827762",
            "ipv6_cidr_blocks": [],
            "prefix_list_ids": [],
            "protocol": "tcp",
            "security_group_id": "sg-0a6e83d025447375e",
            "self": false,
            "source_security_group_id": "sg-097b9f6fa6e012f0d",
            "to_port": 8080,
            "type": "ingress"
          },
          "sensitive_attributes": [],
          "private": "eyJzY2hlbWFfdmVyc2lvbiI6IjIifQ==",
          "dependencies": [
            "aws_security_group.frontend-ecs",
            "aws_security_group.frontend-lb",
            "aws_vpc.ashirt"
          ]
        }
      ]
    },
    {
      "mode": "managed",
      "type": "aws_security_group_rule",
      "name": "allow-ingress-frontend-lb",
      "provider": "provider[\"registry.terraform.io/hashicorp/aws\"]",
      "instances": [
        {
          "schema_version": 2,
          "attributes": {
            "cidr_blocks": [
              "0.0.0.0/0"
            ],
            "description": "",
            "from_port": 443,
            "id": "sgrule-2818592738",
            "ipv6_cidr_blocks": [],
            "prefix_list_ids": [],
            "protocol": "tcp",
            "security_group_id": "sg-097b9f6fa6e012f0d",
            "self": false,
            "source_security_group_id": null,
            "to_port": 443,
            "type": "ingress"
          },
          "sensitive_attributes": [],
          "private": "eyJzY2hlbWFfdmVyc2lvbiI6IjIifQ==",
          "dependencies": [
            "aws_security_group.frontend-lb",
            "aws_vpc.ashirt"
          ]
        }
      ]
    },
    {
      "mode": "managed",
      "type": "aws_security_group_rule",
      "name": "allow-ingress-web-ecs",
      "provider": "provider[\"registry.terraform.io/hashicorp/aws\"]",
      "instances": [
        {
          "schema_version": 2,
          "attributes": {
            "cidr_blocks": [],
            "description": "",
            "from_port": 8000,
            "id": "sgrule-302430704",
            "ipv6_cidr_blocks": [],
            "prefix_list_ids": [],
            "protocol": "tcp",
            "security_group_id": "sg-0e73d65c726e73010",
            "self": false,
            "source_security_group_id": "sg-050d8e3e42e397d47",
            "to_port": 8000,
            "type": "ingress"
          },
          "sensitive_attributes": [],
          "private": "eyJzY2hlbWFfdmVyc2lvbiI6IjIifQ==",
          "dependencies": [
            "aws_security_group.web-ecs",
            "aws_security_group.web-lb",
            "aws_vpc.ashirt"
          ]
        }
      ]
    },
    {
      "mode": "managed",
      "type": "aws_security_group_rule",
      "name": "allow-ingress-web-lb",
      "provider": "provider[\"registry.terraform.io/hashicorp/aws\"]",
      "instances": [
        {
          "schema_version": 2,
          "attributes": {
            "cidr_blocks": [],
            "description": "",
            "from_port": 8000,
            "id": "sgrule-3586239757",
            "ipv6_cidr_blocks": [],
            "prefix_list_ids": [],
            "protocol": "tcp",
            "security_group_id": "sg-050d8e3e42e397d47",
            "self": false,
            "source_security_group_id": "sg-0a6e83d025447375e",
            "to_port": 8000,
            "type": "ingress"
          },
          "sensitive_attributes": [],
          "private": "eyJzY2hlbWFfdmVyc2lvbiI6IjIifQ==",
          "dependencies": [
            "aws_security_group.frontend-ecs",
            "aws_security_group.web-lb",
            "aws_vpc.ashirt"
          ]
        }
      ]
    },
    {
      "mode": "managed",
      "type": "aws_security_group_rule",
      "name": "allow-web-rds",
      "provider": "provider[\"registry.terraform.io/hashicorp/aws\"]",
      "instances": [
        {
          "schema_version": 2,
          "attributes": {
            "cidr_blocks": [],
            "description": "",
            "from_port": 3306,
            "id": "sgrule-952384178",
            "ipv6_cidr_blocks": [],
            "prefix_list_ids": [],
            "protocol": "tcp",
            "security_group_id": "sg-0936cdb5d663069de",
            "self": false,
            "source_security_group_id": "sg-0e73d65c726e73010",
            "to_port": 3306,
            "type": "ingress"
          },
          "sensitive_attributes": [],
          "private": "eyJzY2hlbWFfdmVyc2lvbiI6IjIifQ==",
          "dependencies": [
            "aws_vpc.ashirt",
            "aws_security_group.rds",
            "aws_security_group.web-ecs"
          ]
        }
      ]
    },
    {
      "mode": "managed",
      "type": "aws_subnet",
      "name": "public",
      "provider": "provider[\"registry.terraform.io/hashicorp/aws\"]",
      "instances": [
        {
          "index_key": 0,
          "schema_version": 1,
          "attributes": {
            "arn": "arn:aws:ec2:us-west-2:844591813532:subnet/subnet-00ed327d60d7ff377",
            "assign_ipv6_address_on_creation": false,
            "availability_zone": "us-west-2a",
            "availability_zone_id": "usw2-az1",
            "cidr_block": "10.0.0.0/24",
            "customer_owned_ipv4_pool": "",
            "id": "subnet-00ed327d60d7ff377",
            "ipv6_cidr_block": "",
            "ipv6_cidr_block_association_id": "",
            "map_customer_owned_ip_on_launch": false,
            "map_public_ip_on_launch": false,
            "outpost_arn": "",
            "owner_id": "844591813532",
            "tags": {
              "Name": "ashirt-public"
            },
            "tags_all": {
              "Name": "ashirt-public"
            },
            "timeouts": null,
            "vpc_id": "vpc-0d58d33b59fff28d4"
          },
          "sensitive_attributes": [],
          "private": "eyJlMmJmYjczMC1lY2FhLTExZTYtOGY4OC0zNDM2M2JjN2M0YzAiOnsiY3JlYXRlIjo2MDAwMDAwMDAwMDAsImRlbGV0ZSI6MTIwMDAwMDAwMDAwMH0sInNjaGVtYV92ZXJzaW9uIjoiMSJ9",
          "dependencies": [
            "aws_vpc.ashirt",
            "data.aws_availability_zones.az"
          ]
        },
        {
          "index_key": 1,
          "schema_version": 1,
          "attributes": {
            "arn": "arn:aws:ec2:us-west-2:844591813532:subnet/subnet-02bc34912480cdc26",
            "assign_ipv6_address_on_creation": false,
            "availability_zone": "us-west-2b",
            "availability_zone_id": "usw2-az2",
            "cidr_block": "10.0.1.0/24",
            "customer_owned_ipv4_pool": "",
            "id": "subnet-02bc34912480cdc26",
            "ipv6_cidr_block": "",
            "ipv6_cidr_block_association_id": "",
            "map_customer_owned_ip_on_launch": false,
            "map_public_ip_on_launch": false,
            "outpost_arn": "",
            "owner_id": "844591813532",
            "tags": {
              "Name": "ashirt-public"
            },
            "tags_all": {
              "Name": "ashirt-public"
            },
            "timeouts": null,
            "vpc_id": "vpc-0d58d33b59fff28d4"
          },
          "sensitive_attributes": [],
          "private": "eyJlMmJmYjczMC1lY2FhLTExZTYtOGY4OC0zNDM2M2JjN2M0YzAiOnsiY3JlYXRlIjo2MDAwMDAwMDAwMDAsImRlbGV0ZSI6MTIwMDAwMDAwMDAwMH0sInNjaGVtYV92ZXJzaW9uIjoiMSJ9",
          "dependencies": [
            "aws_vpc.ashirt",
            "data.aws_availability_zones.az"
          ]
        }
      ]
    },
    {
      "mode": "managed",
      "type": "aws_vpc",
      "name": "ashirt",
      "provider": "provider[\"registry.terraform.io/hashicorp/aws\"]",
      "instances": [
        {
          "schema_version": 1,
          "attributes": {
            "arn": "arn:aws:ec2:us-west-2:844591813532:vpc/vpc-0d58d33b59fff28d4",
            "assign_generated_ipv6_cidr_block": false,
            "cidr_block": "10.0.0.0/16",
            "default_network_acl_id": "acl-08bd7e7f4d8e46933",
            "default_route_table_id": "rtb-0e416675fb6b7312a",
            "default_security_group_id": "sg-09012c904b3e8efea",
            "dhcp_options_id": "dopt-4faa7737",
            "enable_classiclink": false,
            "enable_classiclink_dns_support": false,
            "enable_dns_hostnames": false,
            "enable_dns_support": true,
            "id": "vpc-0d58d33b59fff28d4",
            "instance_tenancy": "default",
            "ipv6_association_id": "",
            "ipv6_cidr_block": "",
            "main_route_table_id": "rtb-0e416675fb6b7312a",
            "owner_id": "844591813532",
            "tags": {
              "Name": "ashirt"
            },
            "tags_all": {
              "Name": "ashirt"
            }
          },
          "sensitive_attributes": [],
          "private": "eyJzY2hlbWFfdmVyc2lvbiI6IjEifQ=="
        }
      ]
    },
    {
      "mode": "managed",
      "type": "null_resource",
      "name": "ecs-run-task-init",
      "provider": "provider[\"registry.terraform.io/hashicorp/null\"]",
      "instances": [
        {
          "schema_version": 0,
          "attributes": {
            "id": "7335618685742961770",
            "triggers": {
              "version_database": "ashirt,sha-6ab44d2"
            }
          },
          "sensitive_attributes": [],
          "private": "bnVsbA==",
          "dependencies": [
            "aws_kms_key.ashirt",
            "aws_vpc.ashirt",
            "data.aws_iam_policy_document.assume-role-policy",
            "aws_db_subnet_group.default",
            "aws_ecs_task_definition.init",
            "aws_iam_role.api",
            "data.aws_availability_zones.az",
            "aws_ecs_cluster.ashirt",
            "aws_s3_bucket.env",
            "aws_security_group.api-ecs",
            "aws_rds_cluster.ashirt",
            "aws_security_group.rds",
            "aws_subnet.private",
            "aws_subnet.public"
          ]
        }
      ]
    }
  ]
}
